{
  "version": 4,
  "terraform_version": "0.12.8",
  "serial": 30,
  "lineage": "b9f15160-41e3-752c-e74a-2a217f6a6a3d",
  "outputs": {
    "bastion_external_ip": {
      "value": "35.209.253.135",
      "type": "string"
    },
    "database_ip": {
      "value": "34.67.9.124",
      "type": "string"
    },
    "database_name": {
      "value": "pure-courier-254516:us-central1:postgres",
      "type": "string"
    },
    "jenkins_external_ip": {
      "value": "35.209.169.19",
      "type": "string"
    },
    "key_path": {
      "value": "projects/pure-courier-254516/locations/global/keyRings/my-keyring/cryptoKeys/encryption-key",
      "type": "string"
    },
    "kubernetes_master_ip": {
      "value": "35.239.123.254",
      "type": "string"
    }
  },
  "resources": [
    {
      "mode": "data",
      "type": "template_file",
      "name": "jenkins_startup_script",
      "provider": "provider.template",
      "instances": [
        {
          "schema_version": 0,
          "attributes": {
            "filename": null,
            "id": "8c84336d660bbda0c1c5eae80d407370e2fed5f9a3ac6517c6839319b225c21f",
            "rendered": "#!/bin/sh\necho UPDATE OS\nsudo yum -y update\n\necho INSTALL GIT\nsudo yum -y install git\n\necho INSTALL JAVA AND DEVELOPER ENVIRONMENT\nsudo yum -y install java-1.8.0-openjdk\nsudo yum -y install java-1.8.0-openjdk-devel\n\necho INSTALL MAVEN  \nsudo yum -y install maven\n\necho INSTALL NODEJS\ncurl -sL https://rpm.nodesource.com/setup_10.x | sudo bash -\nsudo yum -y install nodejs\n\necho INSTALL ANGULAR\nsudo npm -y install -g @angular/cli\n\necho INSTALL DOCKER\ncurl -fsSL https://get.docker.com/ | sh\nsudo systemctl start docker\nsudo systemctl enable docker\n\necho INSTALL JENKINS\ncurl --silent --location http://pkg.jenkins-ci.org/redhat-stable/jenkins.repo | sudo tee /etc/yum.repos.d/jenkins.repo\nsudo rpm --import https://jenkins-ci.org/redhat/jenkins-ci.org.key\nsudo yum -y install jenkins\nsudo systemctl start jenkins\nsudo systemctl enable jenkins\n\necho GIVE DOCKER PERMISSIONS TO JENKINS\nsudo usermod -aG docker jenkins\nsudo service jenkins restart\n\n#echo GET JENKINS CLI\n#sudo yum -y install wget\n#sudo wget http://localhost:8080/jnlpJars/jenkins-cli.jar\n#sudo java -jar jenkins-cli.jar [CMD]",
            "template": "#!/bin/sh\necho UPDATE OS\nsudo yum -y update\n\necho INSTALL GIT\nsudo yum -y install git\n\necho INSTALL JAVA AND DEVELOPER ENVIRONMENT\nsudo yum -y install java-1.8.0-openjdk\nsudo yum -y install java-1.8.0-openjdk-devel\n\necho INSTALL MAVEN  \nsudo yum -y install maven\n\necho INSTALL NODEJS\ncurl -sL https://rpm.nodesource.com/setup_10.x | sudo bash -\nsudo yum -y install nodejs\n\necho INSTALL ANGULAR\nsudo npm -y install -g @angular/cli\n\necho INSTALL DOCKER\ncurl -fsSL https://get.docker.com/ | sh\nsudo systemctl start docker\nsudo systemctl enable docker\n\necho INSTALL JENKINS\ncurl --silent --location http://pkg.jenkins-ci.org/redhat-stable/jenkins.repo | sudo tee /etc/yum.repos.d/jenkins.repo\nsudo rpm --import https://jenkins-ci.org/redhat/jenkins-ci.org.key\nsudo yum -y install jenkins\nsudo systemctl start jenkins\nsudo systemctl enable jenkins\n\necho GIVE DOCKER PERMISSIONS TO JENKINS\nsudo usermod -aG docker jenkins\nsudo service jenkins restart\n\n#echo GET JENKINS CLI\n#sudo yum -y install wget\n#sudo wget http://localhost:8080/jnlpJars/jenkins-cli.jar\n#sudo java -jar jenkins-cli.jar [CMD]",
            "vars": null
          }
        }
      ]
    },
    {
      "mode": "managed",
      "type": "google_compute_firewall",
      "name": "allow_bastion_firewall",
      "provider": "provider.google",
      "instances": [
        {
          "schema_version": 1,
          "attributes": {
            "allow": [
              {
                "ports": [
                  "22"
                ],
                "protocol": "tcp"
              }
            ],
            "creation_timestamp": "2019-09-30T10:03:12.059-07:00",
            "deny": [],
            "description": "",
            "destination_ranges": [],
            "direction": "INGRESS",
            "disabled": false,
            "id": "allow-bastion-in",
            "name": "allow-bastion-in",
            "network": "https://www.googleapis.com/compute/v1/projects/pure-courier-254516/global/networks/devops-network",
            "priority": 1,
            "project": "pure-courier-254516",
            "self_link": "https://www.googleapis.com/compute/v1/projects/pure-courier-254516/global/firewalls/allow-bastion-in",
            "source_ranges": [],
            "source_service_accounts": null,
            "source_tags": [
              "bastion"
            ],
            "target_service_accounts": null,
            "target_tags": [
              "server"
            ],
            "timeouts": null
          },
          "private": "eyJlMmJmYjczMC1lY2FhLTExZTYtOGY4OC0zNDM2M2JjN2M0YzAiOnsiY3JlYXRlIjoyNDAwMDAwMDAwMDAsImRlbGV0ZSI6MjQwMDAwMDAwMDAwLCJ1cGRhdGUiOjI0MDAwMDAwMDAwMH0sInNjaGVtYV92ZXJzaW9uIjoiMSJ9",
          "depends_on": [
            "google_compute_network.uat_network"
          ]
        }
      ]
    },
    {
      "mode": "managed",
      "type": "google_compute_firewall",
      "name": "allow_http",
      "provider": "provider.google",
      "instances": [
        {
          "schema_version": 1,
          "attributes": {
            "allow": [
              {
                "ports": [
                  "80"
                ],
                "protocol": "tcp"
              }
            ],
            "creation_timestamp": "2019-09-30T10:03:11.896-07:00",
            "deny": [],
            "description": "",
            "destination_ranges": [],
            "direction": "INGRESS",
            "disabled": false,
            "id": "devops-allow-http",
            "name": "devops-allow-http",
            "network": "https://www.googleapis.com/compute/v1/projects/pure-courier-254516/global/networks/devops-network",
            "priority": 1000,
            "project": "pure-courier-254516",
            "self_link": "https://www.googleapis.com/compute/v1/projects/pure-courier-254516/global/firewalls/devops-allow-http",
            "source_ranges": [
              "0.0.0.0/0"
            ],
            "source_service_accounts": null,
            "source_tags": null,
            "target_service_accounts": null,
            "target_tags": [
              "http-server"
            ],
            "timeouts": null
          },
          "private": "eyJlMmJmYjczMC1lY2FhLTExZTYtOGY4OC0zNDM2M2JjN2M0YzAiOnsiY3JlYXRlIjoyNDAwMDAwMDAwMDAsImRlbGV0ZSI6MjQwMDAwMDAwMDAwLCJ1cGRhdGUiOjI0MDAwMDAwMDAwMH0sInNjaGVtYV92ZXJzaW9uIjoiMSJ9",
          "depends_on": [
            "google_compute_network.uat_network"
          ]
        }
      ]
    },
    {
      "mode": "managed",
      "type": "google_compute_firewall",
      "name": "allow_https",
      "provider": "provider.google",
      "instances": [
        {
          "schema_version": 1,
          "attributes": {
            "allow": [
              {
                "ports": [
                  "443"
                ],
                "protocol": "tcp"
              }
            ],
            "creation_timestamp": "2019-09-30T10:03:11.895-07:00",
            "deny": [],
            "description": "",
            "destination_ranges": [],
            "direction": "INGRESS",
            "disabled": false,
            "id": "devops-allow-https",
            "name": "devops-allow-https",
            "network": "https://www.googleapis.com/compute/v1/projects/pure-courier-254516/global/networks/devops-network",
            "priority": 1000,
            "project": "pure-courier-254516",
            "self_link": "https://www.googleapis.com/compute/v1/projects/pure-courier-254516/global/firewalls/devops-allow-https",
            "source_ranges": [
              "0.0.0.0/0"
            ],
            "source_service_accounts": null,
            "source_tags": null,
            "target_service_accounts": null,
            "target_tags": [
              "https-server"
            ],
            "timeouts": null
          },
          "private": "eyJlMmJmYjczMC1lY2FhLTExZTYtOGY4OC0zNDM2M2JjN2M0YzAiOnsiY3JlYXRlIjoyNDAwMDAwMDAwMDAsImRlbGV0ZSI6MjQwMDAwMDAwMDAwLCJ1cGRhdGUiOjI0MDAwMDAwMDAwMH0sInNjaGVtYV92ZXJzaW9uIjoiMSJ9",
          "depends_on": [
            "google_compute_network.uat_network"
          ]
        }
      ]
    },
    {
      "mode": "managed",
      "type": "google_compute_firewall",
      "name": "allow_into_bastion_firewall",
      "provider": "provider.google",
      "instances": [
        {
          "schema_version": 1,
          "attributes": {
            "allow": [
              {
                "ports": [
                  "22"
                ],
                "protocol": "tcp"
              }
            ],
            "creation_timestamp": "2019-09-30T10:03:11.875-07:00",
            "deny": [],
            "description": "",
            "destination_ranges": [],
            "direction": "INGRESS",
            "disabled": false,
            "id": "allow-into-bastion",
            "name": "allow-into-bastion",
            "network": "https://www.googleapis.com/compute/v1/projects/pure-courier-254516/global/networks/devops-network",
            "priority": 1,
            "project": "pure-courier-254516",
            "self_link": "https://www.googleapis.com/compute/v1/projects/pure-courier-254516/global/firewalls/allow-into-bastion",
            "source_ranges": [
              "0.0.0.0/0"
            ],
            "source_service_accounts": null,
            "source_tags": null,
            "target_service_accounts": null,
            "target_tags": [
              "bastion"
            ],
            "timeouts": null
          },
          "private": "eyJlMmJmYjczMC1lY2FhLTExZTYtOGY4OC0zNDM2M2JjN2M0YzAiOnsiY3JlYXRlIjoyNDAwMDAwMDAwMDAsImRlbGV0ZSI6MjQwMDAwMDAwMDAwLCJ1cGRhdGUiOjI0MDAwMDAwMDAwMH0sInNjaGVtYV92ZXJzaW9uIjoiMSJ9",
          "depends_on": [
            "google_compute_network.uat_network"
          ]
        }
      ]
    },
    {
      "mode": "managed",
      "type": "google_compute_firewall",
      "name": "allow_into_jenkins",
      "provider": "provider.google",
      "instances": [
        {
          "schema_version": 1,
          "attributes": {
            "allow": [
              {
                "ports": [
                  "8080"
                ],
                "protocol": "tcp"
              }
            ],
            "creation_timestamp": "2019-09-30T10:03:11.758-07:00",
            "deny": [],
            "description": "",
            "destination_ranges": [],
            "direction": "INGRESS",
            "disabled": false,
            "id": "allow-into-jenkins-server",
            "name": "allow-into-jenkins-server",
            "network": "https://www.googleapis.com/compute/v1/projects/pure-courier-254516/global/networks/devops-network",
            "priority": 500,
            "project": "pure-courier-254516",
            "self_link": "https://www.googleapis.com/compute/v1/projects/pure-courier-254516/global/firewalls/allow-into-jenkins-server",
            "source_ranges": [
              "0.0.0.0/0"
            ],
            "source_service_accounts": null,
            "source_tags": null,
            "target_service_accounts": null,
            "target_tags": [
              "jenkins"
            ],
            "timeouts": null
          },
          "private": "eyJlMmJmYjczMC1lY2FhLTExZTYtOGY4OC0zNDM2M2JjN2M0YzAiOnsiY3JlYXRlIjoyNDAwMDAwMDAwMDAsImRlbGV0ZSI6MjQwMDAwMDAwMDAwLCJ1cGRhdGUiOjI0MDAwMDAwMDAwMH0sInNjaGVtYV92ZXJzaW9uIjoiMSJ9",
          "depends_on": [
            "google_compute_network.uat_network"
          ]
        }
      ]
    },
    {
      "mode": "managed",
      "type": "google_compute_firewall",
      "name": "deny_into_servers_firewall",
      "provider": "provider.google",
      "instances": [
        {
          "schema_version": 1,
          "attributes": {
            "allow": [],
            "creation_timestamp": "2019-09-30T10:03:12.021-07:00",
            "deny": [
              {
                "ports": [
                  "22"
                ],
                "protocol": "tcp"
              }
            ],
            "description": "",
            "destination_ranges": [],
            "direction": "INGRESS",
            "disabled": false,
            "id": "deny-into-servers",
            "name": "deny-into-servers",
            "network": "https://www.googleapis.com/compute/v1/projects/pure-courier-254516/global/networks/devops-network",
            "priority": 2000,
            "project": "pure-courier-254516",
            "self_link": "https://www.googleapis.com/compute/v1/projects/pure-courier-254516/global/firewalls/deny-into-servers",
            "source_ranges": [
              "0.0.0.0/0"
            ],
            "source_service_accounts": null,
            "source_tags": null,
            "target_service_accounts": null,
            "target_tags": [
              "server"
            ],
            "timeouts": null
          },
          "private": "eyJlMmJmYjczMC1lY2FhLTExZTYtOGY4OC0zNDM2M2JjN2M0YzAiOnsiY3JlYXRlIjoyNDAwMDAwMDAwMDAsImRlbGV0ZSI6MjQwMDAwMDAwMDAwLCJ1cGRhdGUiOjI0MDAwMDAwMDAwMH0sInNjaGVtYV92ZXJzaW9uIjoiMSJ9",
          "depends_on": [
            "google_compute_network.uat_network"
          ]
        }
      ]
    },
    {
      "mode": "managed",
      "type": "google_compute_instance",
      "name": "devops_bastion",
      "provider": "provider.google",
      "instances": [
        {
          "schema_version": 6,
          "attributes": {
            "allow_stopping_for_update": true,
            "attached_disk": [],
            "boot_disk": [
              {
                "auto_delete": true,
                "device_name": "persistent-disk-0",
                "disk_encryption_key_raw": "",
                "disk_encryption_key_sha256": "",
                "initialize_params": [
                  {
                    "image": "https://www.googleapis.com/compute/v1/projects/centos-cloud/global/images/centos-7-v20190916",
                    "labels": {},
                    "size": 10,
                    "type": "pd-standard"
                  }
                ],
                "kms_key_self_link": "",
                "source": "https://www.googleapis.com/compute/v1/projects/pure-courier-254516/zones/us-central1-a/disks/bastion"
              }
            ],
            "can_ip_forward": false,
            "cpu_platform": "Intel Haswell",
            "deletion_protection": false,
            "description": null,
            "disk": [],
            "guest_accelerator": [],
            "hostname": "",
            "id": "bastion",
            "instance_id": "2716049634140064653",
            "label_fingerprint": "42WmSpB8rSM=",
            "labels": null,
            "machine_type": "f1-micro",
            "metadata": null,
            "metadata_fingerprint": "Qi-8BLmQYHI=",
            "metadata_startup_script": "",
            "min_cpu_platform": "",
            "name": "bastion",
            "network_interface": [
              {
                "access_config": [
                  {
                    "assigned_nat_ip": "",
                    "nat_ip": "35.209.253.135",
                    "network_tier": "STANDARD",
                    "public_ptr_domain_name": ""
                  }
                ],
                "address": "",
                "alias_ip_range": [],
                "name": "nic0",
                "network": "https://www.googleapis.com/compute/v1/projects/pure-courier-254516/global/networks/devops-network",
                "network_ip": "192.168.2.2",
                "subnetwork": "https://www.googleapis.com/compute/v1/projects/pure-courier-254516/regions/us-central1/subnetworks/uat-subnet",
                "subnetwork_project": "pure-courier-254516"
              }
            ],
            "project": "pure-courier-254516",
            "scheduling": [
              {
                "automatic_restart": true,
                "node_affinities": [],
                "on_host_maintenance": "MIGRATE",
                "preemptible": false
              }
            ],
            "scratch_disk": [],
            "self_link": "https://www.googleapis.com/compute/v1/projects/pure-courier-254516/zones/us-central1-a/instances/bastion",
            "service_account": [],
            "shielded_instance_config": [],
            "tags": [
              "bastion"
            ],
            "tags_fingerprint": "NfTTNVh6sLU=",
            "timeouts": null,
            "zone": "us-central1-a"
          },
          "private": "eyJlMmJmYjczMC1lY2FhLTExZTYtOGY4OC0zNDM2M2JjN2M0YzAiOnsiY3JlYXRlIjoxMjAwMDAwMDAwMDAwLCJkZWxldGUiOjEyMDAwMDAwMDAwMDAsInVwZGF0ZSI6MTIwMDAwMDAwMDAwMH0sInNjaGVtYV92ZXJzaW9uIjoiNiJ9",
          "depends_on": [
            "google_compute_subnetwork.uat_subnetwork",
            "google_project_services.project_apis"
          ]
        }
      ]
    },
    {
      "mode": "managed",
      "type": "google_compute_instance",
      "name": "jenkins_vm",
      "provider": "provider.google",
      "instances": [
        {
          "schema_version": 6,
          "attributes": {
            "allow_stopping_for_update": true,
            "attached_disk": [],
            "boot_disk": [
              {
                "auto_delete": true,
                "device_name": "persistent-disk-0",
                "disk_encryption_key_raw": "",
                "disk_encryption_key_sha256": "",
                "initialize_params": [
                  {
                    "image": "https://www.googleapis.com/compute/v1/projects/centos-cloud/global/images/centos-7-v20190916",
                    "labels": {},
                    "size": 10,
                    "type": "pd-standard"
                  }
                ],
                "kms_key_self_link": "",
                "source": "https://www.googleapis.com/compute/v1/projects/pure-courier-254516/zones/us-central1-a/disks/jenkins-server"
              }
            ],
            "can_ip_forward": false,
            "cpu_platform": "Intel Haswell",
            "deletion_protection": false,
            "description": null,
            "disk": [],
            "guest_accelerator": [],
            "hostname": "",
            "id": "jenkins-server",
            "instance_id": "5683906653112470413",
            "label_fingerprint": "BytbEPUG4HY=",
            "labels": {
              "environment": "uat"
            },
            "machine_type": "n1-standard-1",
            "metadata": null,
            "metadata_fingerprint": "vBYB2DdRX5I=",
            "metadata_startup_script": "#!/bin/sh\necho UPDATE OS\nsudo yum -y update\n\necho INSTALL GIT\nsudo yum -y install git\n\necho INSTALL JAVA AND DEVELOPER ENVIRONMENT\nsudo yum -y install java-1.8.0-openjdk\nsudo yum -y install java-1.8.0-openjdk-devel\n\necho INSTALL MAVEN  \nsudo yum -y install maven\n\necho INSTALL NODEJS\ncurl -sL https://rpm.nodesource.com/setup_10.x | sudo bash -\nsudo yum -y install nodejs\n\necho INSTALL ANGULAR\nsudo npm -y install -g @angular/cli\n\necho INSTALL DOCKER\ncurl -fsSL https://get.docker.com/ | sh\nsudo systemctl start docker\nsudo systemctl enable docker\n\necho INSTALL JENKINS\ncurl --silent --location http://pkg.jenkins-ci.org/redhat-stable/jenkins.repo | sudo tee /etc/yum.repos.d/jenkins.repo\nsudo rpm --import https://jenkins-ci.org/redhat/jenkins-ci.org.key\nsudo yum -y install jenkins\nsudo systemctl start jenkins\nsudo systemctl enable jenkins\n\necho GIVE DOCKER PERMISSIONS TO JENKINS\nsudo usermod -aG docker jenkins\nsudo service jenkins restart\n\n#echo GET JENKINS CLI\n#sudo yum -y install wget\n#sudo wget http://localhost:8080/jnlpJars/jenkins-cli.jar\n#sudo java -jar jenkins-cli.jar [CMD]",
            "min_cpu_platform": "",
            "name": "jenkins-server",
            "network_interface": [
              {
                "access_config": [
                  {
                    "assigned_nat_ip": "",
                    "nat_ip": "35.209.169.19",
                    "network_tier": "STANDARD",
                    "public_ptr_domain_name": ""
                  }
                ],
                "address": "",
                "alias_ip_range": [],
                "name": "nic0",
                "network": "https://www.googleapis.com/compute/v1/projects/pure-courier-254516/global/networks/devops-network",
                "network_ip": "192.168.2.3",
                "subnetwork": "https://www.googleapis.com/compute/v1/projects/pure-courier-254516/regions/us-central1/subnetworks/uat-subnet",
                "subnetwork_project": "pure-courier-254516"
              }
            ],
            "project": "pure-courier-254516",
            "scheduling": [
              {
                "automatic_restart": true,
                "node_affinities": [],
                "on_host_maintenance": "MIGRATE",
                "preemptible": false
              }
            ],
            "scratch_disk": [],
            "self_link": "https://www.googleapis.com/compute/v1/projects/pure-courier-254516/zones/us-central1-a/instances/jenkins-server",
            "service_account": [
              {
                "email": "jenkins-service-account@pure-courier-254516.iam.gserviceaccount.com",
                "scopes": [
                  "https://www.googleapis.com/auth/cloud-platform"
                ]
              }
            ],
            "shielded_instance_config": [],
            "tags": [
              "http-server",
              "https-server",
              "jenkins",
              "server"
            ],
            "tags_fingerprint": "WX-_R91C4AI=",
            "timeouts": null,
            "zone": "us-central1-a"
          },
          "private": "eyJlMmJmYjczMC1lY2FhLTExZTYtOGY4OC0zNDM2M2JjN2M0YzAiOnsiY3JlYXRlIjoxMjAwMDAwMDAwMDAwLCJkZWxldGUiOjEyMDAwMDAwMDAwMDAsInVwZGF0ZSI6MTIwMDAwMDAwMDAwMH0sInNjaGVtYV92ZXJzaW9uIjoiNiJ9",
          "depends_on": [
            "data.template_file.jenkins_startup_script",
            "google_compute_subnetwork.uat_subnetwork",
            "google_project_services.project_apis",
            "google_service_account.jenkins_account"
          ]
        }
      ]
    },
    {
      "mode": "managed",
      "type": "google_compute_network",
      "name": "uat_network",
      "provider": "provider.google",
      "instances": [
        {
          "schema_version": 0,
          "attributes": {
            "auto_create_subnetworks": false,
            "delete_default_routes_on_create": false,
            "description": "",
            "gateway_ipv4": "",
            "id": "devops-network",
            "ipv4_range": "",
            "name": "devops-network",
            "project": "pure-courier-254516",
            "routing_mode": "REGIONAL",
            "self_link": "https://www.googleapis.com/compute/v1/projects/pure-courier-254516/global/networks/devops-network",
            "timeouts": null
          },
          "private": "eyJlMmJmYjczMC1lY2FhLTExZTYtOGY4OC0zNDM2M2JjN2M0YzAiOnsiY3JlYXRlIjoyNDAwMDAwMDAwMDAsImRlbGV0ZSI6MjQwMDAwMDAwMDAwLCJ1cGRhdGUiOjI0MDAwMDAwMDAwMH19",
          "depends_on": [
            "google_project_services.project_apis"
          ]
        }
      ]
    },
    {
      "mode": "managed",
      "type": "google_compute_subnetwork",
      "name": "pipeline_subnetwork",
      "provider": "provider.google",
      "instances": [
        {
          "schema_version": 0,
          "attributes": {
            "creation_timestamp": "2019-09-30T10:03:12.241-07:00",
            "description": "",
            "enable_flow_logs": false,
            "fingerprint": "51Fxp2IKGBs=",
            "gateway_address": "192.168.1.1",
            "id": "us-central1/devops-subnet",
            "ip_cidr_range": "192.168.1.0/24",
            "name": "devops-subnet",
            "network": "https://www.googleapis.com/compute/v1/projects/pure-courier-254516/global/networks/devops-network",
            "private_ip_google_access": false,
            "project": "pure-courier-254516",
            "region": "us-central1",
            "secondary_ip_range": [],
            "self_link": "https://www.googleapis.com/compute/v1/projects/pure-courier-254516/regions/us-central1/subnetworks/devops-subnet",
            "timeouts": null
          },
          "private": "eyJlMmJmYjczMC1lY2FhLTExZTYtOGY4OC0zNDM2M2JjN2M0YzAiOnsiY3JlYXRlIjozNjAwMDAwMDAwMDAsImRlbGV0ZSI6MzYwMDAwMDAwMDAwLCJ1cGRhdGUiOjM2MDAwMDAwMDAwMH19",
          "depends_on": [
            "google_compute_network.uat_network"
          ]
        }
      ]
    },
    {
      "mode": "managed",
      "type": "google_compute_subnetwork",
      "name": "uat_subnetwork",
      "provider": "provider.google",
      "instances": [
        {
          "schema_version": 0,
          "attributes": {
            "creation_timestamp": "2019-09-30T10:03:12.331-07:00",
            "description": "",
            "enable_flow_logs": false,
            "fingerprint": "uWKC9vFIFd4=",
            "gateway_address": "192.168.2.1",
            "id": "us-central1/uat-subnet",
            "ip_cidr_range": "192.168.2.0/24",
            "name": "uat-subnet",
            "network": "https://www.googleapis.com/compute/v1/projects/pure-courier-254516/global/networks/devops-network",
            "private_ip_google_access": false,
            "project": "pure-courier-254516",
            "region": "us-central1",
            "secondary_ip_range": [],
            "self_link": "https://www.googleapis.com/compute/v1/projects/pure-courier-254516/regions/us-central1/subnetworks/uat-subnet",
            "timeouts": null
          },
          "private": "eyJlMmJmYjczMC1lY2FhLTExZTYtOGY4OC0zNDM2M2JjN2M0YzAiOnsiY3JlYXRlIjozNjAwMDAwMDAwMDAsImRlbGV0ZSI6MzYwMDAwMDAwMDAwLCJ1cGRhdGUiOjM2MDAwMDAwMDAwMH19",
          "depends_on": [
            "google_compute_network.uat_network"
          ]
        }
      ]
    },
    {
      "mode": "managed",
      "type": "google_container_cluster",
      "name": "uat_cluster",
      "provider": "provider.google",
      "instances": [
        {
          "schema_version": 1,
          "attributes": {
            "additional_zones": [],
            "addons_config": [
              {
                "horizontal_pod_autoscaling": [],
                "http_load_balancing": [],
                "kubernetes_dashboard": [
                  {
                    "disabled": true
                  }
                ],
                "network_policy_config": [
                  {
                    "disabled": true
                  }
                ]
              }
            ],
            "cluster_autoscaling": [],
            "cluster_ipv4_cidr": "10.28.0.0/14",
            "description": "",
            "enable_binary_authorization": null,
            "enable_intranode_visibility": null,
            "enable_kubernetes_alpha": false,
            "enable_legacy_abac": false,
            "enable_tpu": null,
            "endpoint": "35.239.123.254",
            "id": "uat-cluster",
            "initial_node_count": 1,
            "instance_group_urls": [],
            "ip_allocation_policy": [],
            "location": "us-central1-a",
            "logging_service": "logging.googleapis.com",
            "maintenance_policy": [],
            "master_auth": [
              {
                "client_certificate": "",
                "client_certificate_config": [
                  {
                    "issue_client_certificate": false
                  }
                ],
                "client_key": "",
                "cluster_ca_certificate": "LS0tLS1CRUdJTiBDRVJUSUZJQ0FURS0tLS0tCk1JSURERENDQWZTZ0F3SUJBZ0lSQU4xcU9LM2NkWHZrMDdjTzFPbm1GMjB3RFFZSktvWklodmNOQVFFTEJRQXcKTHpFdE1Dc0dBMVVFQXhNa01HWXpPV1poT1RBdE9UTTVaaTAwWkRCaUxXSmxNRGt0TnpneFptVmpOamszWW1GbQpNQjRYRFRFNU1Ea3pNREUyTURNeU9Gb1hEVEkwTURreU9ERTNNRE15T0Zvd0x6RXRNQ3NHQTFVRUF4TWtNR1l6Ck9XWmhPVEF0T1RNNVppMDBaREJpTFdKbE1Ea3ROemd4Wm1Wak5qazNZbUZtTUlJQklqQU5CZ2txaGtpRzl3MEIKQVFFRkFBT0NBUThBTUlJQkNnS0NBUUVBcUJGUm4wR3N3VER1WEdnUTJMVlVTbVY4SlpXcXdXbGxJeGxhL3JjRApPQi83Rzl0blV0a3hEUmFIT0ZnTGpmZDBpS1V0QW0xd0JQQ3NnaGdQRXNteTA1RFNUYmNSQTJtbTlEbGpBVFRlCjFoVEVrbjlBNG4wZ2MxUFVOTmdBR0dCTUtVbWNWYXRGN3h6azREN3FqcmszRjJjV0VyZ0pYMmpGNXhqMnlGSXUKWXFUZnN2b3I4czZPWEhxa0VhS1drYlNBbzVNYlRtME1hazRjWkRWOHlBVU5zZWx2b1Z6akwzTXJMUnZLNUthZgp0ZGhCcUdrRjZFYlRTTW83YUwrODVzMUVRbzFiREcrREFvWTF1N2IyTG04UUEzOEliYlJPVzluWE42Tlgzb203CjhXU1cyb0daM2FWclprY1pFU2RuRC9iWVdIendxQmVobVJ3RzZnVVkvZ2V0OVFJREFRQUJveU13SVRBT0JnTlYKSFE4QkFmOEVCQU1DQWdRd0R3WURWUjBUQVFIL0JBVXdBd0VCL3pBTkJna3Foa2lHOXcwQkFRc0ZBQU9DQVFFQQpKNWpGTU5TWmhneGxZc1lkWTVYTy9jYnJHUmg1UzAyUDV5S3BwKzhYMjJaV3VuNytZcVRPbVZud1RNUWt2QjVZClJ4STRzTW1PV1J3RWl4SXVYbWxtNm5zc1A5REhQb3N3NytGaDl1Q05BTGFHSGhzWWtVaU9MVExreXA2Z2dUcWIKTWtBQXhGb1BLWGh0TWNyOEdnU05rMGFiajREUS9wU1gvQWdDSndaeHNEYkpPVFBZdWszSjl4REQzT1JpUG16YwpubEo0ZDIwWW9jVEpKLytaRFRaVXdvV2I1a01LQ3ZHMFZqK0VaNGFKRnA1WUNpdnVnNkVnUE9oZUxoRkJ3TU1HCkI4SmdSV3BrWGF6UEZEbkR2ZlZHK3FhclgxQkk0RkNGa1BqRkMveHhyREw2KzZ3ckhjTnorcVRKK3RDTFkvS1QKK2FKa1FScURKSVJmei9FUEtuZVhSQT09Ci0tLS0tRU5EIENFUlRJRklDQVRFLS0tLS0K",
                "password": "",
                "username": ""
              }
            ],
            "master_authorized_networks_config": [],
            "master_version": "1.13.7-gke.8",
            "min_master_version": null,
            "monitoring_service": "monitoring.googleapis.com",
            "name": "uat-cluster",
            "network": "projects/pure-courier-254516/global/networks/devops-network",
            "network_policy": [
              {
                "enabled": false,
                "provider": "PROVIDER_UNSPECIFIED"
              }
            ],
            "node_config": [],
            "node_locations": [],
            "node_pool": [],
            "node_version": "1.13.7-gke.8",
            "pod_security_policy_config": [],
            "private_cluster_config": [],
            "project": "pure-courier-254516",
            "region": null,
            "remove_default_node_pool": true,
            "resource_labels": null,
            "services_ipv4_cidr": "10.31.240.0/20",
            "subnetwork": "projects/pure-courier-254516/regions/us-central1/subnetworks/uat-subnet",
            "timeouts": null,
            "zone": "us-central1-a"
          },
          "private": "eyJlMmJmYjczMC1lY2FhLTExZTYtOGY4OC0zNDM2M2JjN2M0YzAiOnsiY3JlYXRlIjoxODAwMDAwMDAwMDAwLCJkZWxldGUiOjE4MDAwMDAwMDAwMDAsInVwZGF0ZSI6MzYwMDAwMDAwMDAwMH0sInNjaGVtYV92ZXJzaW9uIjoiMSJ9",
          "depends_on": [
            "google_compute_network.uat_network",
            "google_compute_subnetwork.uat_subnetwork",
            "google_project_services.project_apis"
          ]
        }
      ]
    },
    {
      "mode": "managed",
      "type": "google_container_node_pool",
      "name": "uat_nodes",
      "provider": "provider.google",
      "instances": [
        {
          "schema_version": 1,
          "attributes": {
            "autoscaling": [],
            "cluster": "uat-cluster",
            "id": "us-central1-a/uat-cluster/uat-node-pool",
            "initial_node_count": 1,
            "instance_group_urls": [
              "https://www.googleapis.com/compute/v1/projects/pure-courier-254516/zones/us-central1-a/instanceGroupManagers/gke-uat-cluster-uat-node-pool-a261cdb8-grp"
            ],
            "location": "us-central1-a",
            "management": [
              {
                "auto_repair": false,
                "auto_upgrade": false
              }
            ],
            "max_pods_per_node": null,
            "name": "uat-node-pool",
            "name_prefix": "",
            "node_config": [
              {
                "disk_size_gb": 100,
                "disk_type": "pd-standard",
                "guest_accelerator": [],
                "image_type": "COS",
                "labels": {},
                "local_ssd_count": 0,
                "machine_type": "g1-small",
                "metadata": {
                  "disable-legacy-endpoints": "true"
                },
                "min_cpu_platform": "",
                "oauth_scopes": [
                  "https://www.googleapis.com/auth/devstorage.read_only",
                  "https://www.googleapis.com/auth/logging.write",
                  "https://www.googleapis.com/auth/monitoring"
                ],
                "preemptible": false,
                "sandbox_config": [],
                "service_account": "default",
                "tags": null,
                "taint": [],
                "workload_metadata_config": []
              }
            ],
            "node_count": 1,
            "project": "pure-courier-254516",
            "region": null,
            "timeouts": null,
            "version": "1.13.7-gke.8",
            "zone": "us-central1-a"
          },
          "private": "eyJlMmJmYjczMC1lY2FhLTExZTYtOGY4OC0zNDM2M2JjN2M0YzAiOnsiY3JlYXRlIjoxODAwMDAwMDAwMDAwLCJkZWxldGUiOjYwMDAwMDAwMDAwMCwidXBkYXRlIjo2MDAwMDAwMDAwMDB9LCJzY2hlbWFfdmVyc2lvbiI6IjEifQ==",
          "depends_on": [
            "google_container_cluster.uat_cluster",
            "google_project_services.project_apis"
          ]
        }
      ]
    },
    {
      "mode": "managed",
      "type": "google_kms_crypto_key",
      "name": "encryption_key",
      "provider": "provider.google",
      "instances": [
        {
          "schema_version": 1,
          "attributes": {
            "id": "projects/pure-courier-254516/locations/global/keyRings/my-keyring/cryptoKeys/encryption-key",
            "key_ring": "projects/pure-courier-254516/locations/global/keyRings/my-keyring",
            "labels": {
              "environment": "uat"
            },
            "name": "encryption-key",
            "purpose": "ENCRYPT_DECRYPT",
            "rotation_period": "",
            "self_link": "projects/pure-courier-254516/locations/global/keyRings/my-keyring/cryptoKeys/encryption-key",
            "timeouts": null,
            "version_template": [
              {
                "algorithm": "GOOGLE_SYMMETRIC_ENCRYPTION",
                "protection_level": "SOFTWARE"
              }
            ]
          },
          "private": "eyJlMmJmYjczMC1lY2FhLTExZTYtOGY4OC0zNDM2M2JjN2M0YzAiOnsiY3JlYXRlIjoyNDAwMDAwMDAwMDAsImRlbGV0ZSI6MjQwMDAwMDAwMDAwLCJ1cGRhdGUiOjI0MDAwMDAwMDAwMH0sInNjaGVtYV92ZXJzaW9uIjoiMSJ9",
          "depends_on": [
            "google_kms_key_ring.global_keyring"
          ]
        }
      ]
    },
    {
      "mode": "managed",
      "type": "google_kms_key_ring",
      "name": "global_keyring",
      "provider": "provider.google",
      "instances": [
        {
          "schema_version": 0,
          "attributes": {
            "id": "projects/pure-courier-254516/locations/global/keyRings/my-keyring",
            "location": "global",
            "name": "my-keyring",
            "project": "pure-courier-254516",
            "self_link": "projects/pure-courier-254516/locations/global/keyRings/my-keyring",
            "timeouts": null
          },
          "private": "eyJlMmJmYjczMC1lY2FhLTExZTYtOGY4OC0zNDM2M2JjN2M0YzAiOnsiY3JlYXRlIjoyNDAwMDAwMDAwMDAsImRlbGV0ZSI6MjQwMDAwMDAwMDAwfX0=",
          "depends_on": [
            "google_project_services.project_apis"
          ]
        }
      ]
    },
    {
      "mode": "managed",
      "type": "google_logging_project_sink",
      "name": "logging_sink",
      "provider": "provider.google",
      "instances": [
        {
          "schema_version": 0,
          "attributes": {
            "destination": "storage.googleapis.com/thisisadatasinkbucket3",
            "filter": "",
            "id": "projects/pure-courier-254516/sinks/complete-logging-sink",
            "name": "complete-logging-sink",
            "project": "pure-courier-254516",
            "unique_writer_identity": true,
            "writer_identity": "serviceAccount:p9485452140-374999@gcp-sa-logging.iam.gserviceaccount.com"
          },
          "private": "bnVsbA==",
          "depends_on": [
            "google_project_services.project_apis",
            "google_storage_bucket.data_sink"
          ]
        }
      ]
    },
    {
      "mode": "managed",
      "type": "google_project_iam_binding",
      "name": "log_writer",
      "provider": "provider.google",
      "instances": [
        {
          "schema_version": 0,
          "attributes": {
            "etag": "BwWTyDVLoOw=",
            "id": "pure-courier-254516/roles/storage.objectCreator",
            "members": [
              "serviceAccount:p9485452140-374999@gcp-sa-logging.iam.gserviceaccount.com"
            ],
            "project": null,
            "role": "roles/storage.objectCreator"
          },
          "private": "bnVsbA==",
          "depends_on": [
            "google_logging_project_sink.logging_sink"
          ]
        }
      ]
    },
    {
      "mode": "managed",
      "type": "google_project_iam_custom_role",
      "name": "jenkins_role",
      "provider": "provider.google",
      "instances": [
        {
          "schema_version": 0,
          "attributes": {
            "deleted": false,
            "description": "Custom role for Jenkins VM",
            "id": "projects/pure-courier-254516/roles/jenkinsUAT",
            "permissions": [
              "container.clusters.getCredentials",
              "container.deployments.create",
              "container.deployments.update",
              "container.pods.delete",
              "storage.buckets.get",
              "storage.buckets.update",
              "storage.objects.create",
              "storage.objects.get"
            ],
            "project": "pure-courier-254516",
            "role_id": "jenkinsUAT",
            "stage": "GA",
            "title": "Jenkins Role"
          },
          "private": "bnVsbA==",
          "depends_on": [
            "google_project_services.project_apis"
          ]
        }
      ]
    },
    {
      "mode": "managed",
      "type": "google_project_iam_member",
      "name": "test_member",
      "provider": "provider.google",
      "instances": [
        {
          "schema_version": 0,
          "attributes": {
            "etag": "BwWTyDVLoOw=",
            "id": "pure-courier-254516/projects/pure-courier-254516/roles/jenkinsUAT/serviceaccount:jenkins-service-account@pure-courier-254516.iam.gserviceaccount.com",
            "member": "serviceAccount:jenkins-service-account@pure-courier-254516.iam.gserviceaccount.com",
            "project": null,
            "role": "projects/pure-courier-254516/roles/jenkinsUAT"
          },
          "private": "bnVsbA==",
          "depends_on": [
            "google_project_iam_custom_role.jenkins_role",
            "google_service_account.jenkins_account"
          ]
        }
      ]
    },
    {
      "mode": "managed",
      "type": "google_project_services",
      "name": "project_apis",
      "provider": "provider.google",
      "instances": [
        {
          "schema_version": 0,
          "attributes": {
            "disable_on_destroy": true,
            "id": "pure-courier-254516",
            "project": "pure-courier-254516",
            "services": [
              "clouddebugger.googleapis.com",
              "cloudkms.googleapis.com",
              "cloudprofiler.googleapis.com",
              "cloudresourcemanager.googleapis.com",
              "compute.googleapis.com",
              "container.googleapis.com",
              "containerregistry.googleapis.com",
              "iam.googleapis.com",
              "iamcredentials.googleapis.com",
              "logging.googleapis.com",
              "monitoring.googleapis.com",
              "oslogin.googleapis.com",
              "pubsub.googleapis.com",
              "servicemanagement.googleapis.com",
              "serviceusage.googleapis.com",
              "sqladmin.googleapis.com",
              "stackdriver.googleapis.com",
              "storage-api.googleapis.com",
              "storage-component.googleapis.com"
            ],
            "timeouts": null
          },
          "private": "eyJlMmJmYjczMC1lY2FhLTExZTYtOGY4OC0zNDM2M2JjN2M0YzAiOnsiY3JlYXRlIjoxMjAwMDAwMDAwMDAwLCJkZWxldGUiOjEyMDAwMDAwMDAwMDAsInJlYWQiOjYwMDAwMDAwMDAwMCwidXBkYXRlIjoxMjAwMDAwMDAwMDAwfX0="
        }
      ]
    },
    {
      "mode": "managed",
      "type": "google_service_account",
      "name": "jenkins_account",
      "provider": "provider.google",
      "instances": [
        {
          "schema_version": 0,
          "attributes": {
            "account_id": "jenkins-service-account",
            "display_name": "Jenkins Service Account",
            "email": "jenkins-service-account@pure-courier-254516.iam.gserviceaccount.com",
            "id": "projects/pure-courier-254516/serviceAccounts/jenkins-service-account@pure-courier-254516.iam.gserviceaccount.com",
            "name": "projects/pure-courier-254516/serviceAccounts/jenkins-service-account@pure-courier-254516.iam.gserviceaccount.com",
            "policy_data": null,
            "project": "pure-courier-254516",
            "unique_id": "105674831430474434729"
          },
          "private": "bnVsbA==",
          "depends_on": [
            "google_project_services.project_apis"
          ]
        }
      ]
    },
    {
      "mode": "managed",
      "type": "google_sql_database",
      "name": "database",
      "provider": "provider.google",
      "instances": [
        {
          "schema_version": 0,
          "attributes": {
            "charset": "UTF8",
            "collation": "en_US.UTF8",
            "id": "postgres:thisisatestdbokay",
            "instance": "postgres",
            "name": "thisisatestdbokay",
            "project": "pure-courier-254516",
            "self_link": "https://www.googleapis.com/sql/v1beta4/projects/pure-courier-254516/instances/postgres/databases/thisisatestdbokay",
            "timeouts": null
          },
          "private": "eyJlMmJmYjczMC1lY2FhLTExZTYtOGY4OC0zNDM2M2JjN2M0YzAiOnsiY3JlYXRlIjo5MDAwMDAwMDAwMDAsImRlbGV0ZSI6NjAwMDAwMDAwMDAwLCJ1cGRhdGUiOjYwMDAwMDAwMDAwMH19",
          "depends_on": [
            "google_sql_database_instance.uat_database"
          ]
        }
      ]
    },
    {
      "mode": "managed",
      "type": "google_sql_database_instance",
      "name": "uat_database",
      "provider": "provider.google",
      "instances": [
        {
          "schema_version": 0,
          "attributes": {
            "connection_name": "pure-courier-254516:us-central1:postgres",
            "database_version": "POSTGRES_9_6",
            "first_ip_address": "34.67.9.124",
            "id": "postgres",
            "ip_address": [
              {
                "ip_address": "34.67.9.124",
                "time_to_retire": "",
                "type": "PRIMARY"
              }
            ],
            "master_instance_name": "",
            "name": "postgres",
            "private_ip_address": "",
            "project": "pure-courier-254516",
            "public_ip_address": "34.67.9.124",
            "region": "us-central1",
            "replica_configuration": [],
            "self_link": "https://www.googleapis.com/sql/v1beta4/projects/pure-courier-254516/instances/postgres",
            "server_ca_cert": [
              {
                "cert": "-----BEGIN CERTIFICATE-----\nMIIDfzCCAmegAwIBAgIBADANBgkqhkiG9w0BAQsFADB3MS0wKwYDVQQuEyQ5ZGYw\nZGFjMi04NjlhLTQ4YWEtOGUyNy1iMTk4Zjc0MGFjOWQxIzAhBgNVBAMTGkdvb2ds\nZSBDbG91ZCBTUUwgU2VydmVyIENBMRQwEgYDVQQKEwtHb29nbGUsIEluYzELMAkG\nA1UEBhMCVVMwHhcNMTkwOTMwMTcwMzAxWhcNMjkwOTI3MTcwNDAxWjB3MS0wKwYD\nVQQuEyQ5ZGYwZGFjMi04NjlhLTQ4YWEtOGUyNy1iMTk4Zjc0MGFjOWQxIzAhBgNV\nBAMTGkdvb2dsZSBDbG91ZCBTUUwgU2VydmVyIENBMRQwEgYDVQQKEwtHb29nbGUs\nIEluYzELMAkGA1UEBhMCVVMwggEiMA0GCSqGSIb3DQEBAQUAA4IBDwAwggEKAoIB\nAQCb8xyV9hOVU5DkAVPgpPshO8TS/PVKZ/jajlVpnIXGyIA2p/GwOzZJXD4cVlKW\nbmR37Fy9sxL5Favshhq8pr1U5OP6UxmU6UbTpSl1fAvReGvj8lZlIa4wFkTpPWjY\nRb+X5c6bIvSm2JIQrZ42mS6zpoSCqVuY6zTzo9UHPua3YBUEIaMIFWLEkEm5xCo4\n47Jxy0TV6mEimGLpU9MtF7h5Xu5Oi41jiWDDSDy4g5cT0xKC9GCE/Z7SI9s7TAjT\n4marhDJqpu3E0Qt1iRJM19EYEGIhgiMIOC7BVzxV7HvhYajxeFZ8fjLVt+duzfM9\nCk3WL8LMX1ElEMRe/WGV8RaTAgMBAAGjFjAUMBIGA1UdEwEB/wQIMAYBAf8CAQAw\nDQYJKoZIhvcNAQELBQADggEBADgij1ikiFiPRfmjRAkP/sdo9Q4TLGTTnfw2Qhr+\nrqeXRHVNhWMXtkXD6aooQbozsHriQViUmEOCjDcsIM8QFJb+NoXS2EFM4yNmbGYW\nKc3ajzD8aqr7KrLM+XnUJ9I4ilwPnpnJcMXvXKj9fmXurHlLyoHjuwmYT2Mc7SLu\ntw46zcLFfolRQRJEUvtVnK2QomXaAztLJGZIjP6sw5d1bow6P8tQ9NHEBvxl1gMm\nqlnbWpKA35ItmAQ2WlB23fqfVDc1bsl86GUXiyaxE8X+hnL2q6vQSWC4Kc1ftWHZ\nSjU5Lfy4LPuVUnKq4H2wsbHkzR7VLuXZQjaYdvL9/JHrsMI=\n-----END CERTIFICATE-----",
                "common_name": "C=US,O=Google\\, Inc,CN=Google Cloud SQL Server CA,dnQualifier=9df0dac2-869a-48aa-8e27-b198f740ac9d",
                "create_time": "2019-09-30T17:03:01.887Z",
                "expiration_time": "2029-09-27T17:04:01.887Z",
                "sha1_fingerprint": "f87f6199f0aad7de01339deed5b11f0947fe6b3e"
              }
            ],
            "service_account_email_address": "p9485452140-2is37d@gcp-sa-cloud-sql.iam.gserviceaccount.com",
            "settings": [
              {
                "activation_policy": "ALWAYS",
                "authorized_gae_applications": null,
                "availability_type": "ZONAL",
                "backup_configuration": [
                  {
                    "binary_log_enabled": false,
                    "enabled": false,
                    "start_time": "03:00"
                  }
                ],
                "crash_safe_replication": false,
                "database_flags": [],
                "disk_autoresize": true,
                "disk_size": 10,
                "disk_type": "PD_SSD",
                "ip_configuration": [
                  {
                    "authorized_networks": [
                      {
                        "expiration_time": "",
                        "name": "all",
                        "value": "0.0.0.0/0"
                      }
                    ],
                    "ipv4_enabled": true,
                    "private_network": "",
                    "require_ssl": false
                  }
                ],
                "location_preference": [
                  {
                    "follow_gae_application": "",
                    "zone": "us-central1-a"
                  }
                ],
                "maintenance_window": [],
                "pricing_plan": "PER_USE",
                "replication_type": "SYNCHRONOUS",
                "tier": "db-f1-micro",
                "user_labels": null,
                "version": 1
              }
            ],
            "timeouts": null
          },
          "private": "eyJlMmJmYjczMC1lY2FhLTExZTYtOGY4OC0zNDM2M2JjN2M0YzAiOnsiY3JlYXRlIjoxMjAwMDAwMDAwMDAwLCJkZWxldGUiOjEyMDAwMDAwMDAwMDAsInVwZGF0ZSI6MTIwMDAwMDAwMDAwMH19",
          "depends_on": [
            "google_project_services.project_apis"
          ]
        }
      ]
    },
    {
      "mode": "managed",
      "type": "google_storage_bucket",
      "name": "data_sink",
      "provider": "provider.google",
      "instances": [
        {
          "schema_version": 0,
          "attributes": {
            "bucket_policy_only": false,
            "cors": [],
            "encryption": [],
            "force_destroy": false,
            "id": "thisisadatasinkbucket3",
            "labels": {
              "environment": "logging"
            },
            "lifecycle_rule": [],
            "location": "US",
            "logging": [],
            "name": "thisisadatasinkbucket3",
            "predefined_acl": null,
            "project": "pure-courier-254516",
            "requester_pays": false,
            "retention_policy": [],
            "self_link": "https://www.googleapis.com/storage/v1/b/thisisadatasinkbucket3",
            "storage_class": "STANDARD",
            "url": "gs://thisisadatasinkbucket3",
            "versioning": [],
            "website": []
          },
          "private": "bnVsbA==",
          "depends_on": [
            "google_project_services.project_apis"
          ]
        }
      ]
    },
    {
      "mode": "managed",
      "type": "google_storage_bucket",
      "name": "static_page",
      "provider": "provider.google",
      "instances": [
        {
          "schema_version": 0,
          "attributes": {
            "bucket_policy_only": false,
            "cors": [
              {
                "max_age_seconds": 0,
                "method": [
                  "GET",
                  "OPTIONS"
                ],
                "origin": [
                  "*"
                ],
                "response_header": null
              }
            ],
            "encryption": [],
            "force_destroy": false,
            "id": "thisisatestbucketokay3",
            "labels": {
              "application": "front",
              "environment": "uat"
            },
            "lifecycle_rule": [],
            "location": "US",
            "logging": [],
            "name": "thisisatestbucketokay3",
            "predefined_acl": null,
            "project": "pure-courier-254516",
            "requester_pays": false,
            "retention_policy": [],
            "self_link": "https://www.googleapis.com/storage/v1/b/thisisatestbucketokay3",
            "storage_class": "STANDARD",
            "url": "gs://thisisatestbucketokay3",
            "versioning": [],
            "website": []
          },
          "private": "bnVsbA==",
          "depends_on": [
            "google_project_services.project_apis"
          ]
        }
      ]
    },
    {
      "mode": "managed",
      "type": "google_storage_bucket_acl",
      "name": "static_page_acl",
      "provider": "provider.google",
      "instances": [
        {
          "schema_version": 0,
          "attributes": {
            "bucket": "thisisatestbucketokay3",
            "default_acl": null,
            "id": "thisisatestbucketokay3-acl",
            "predefined_acl": null,
            "role_entity": [
              "OWNER:project-owners-9485452140",
              "OWNER:project-editors-9485452140",
              "READER:project-viewers-9485452140",
              "READER:allUsers"
            ]
          },
          "private": "bnVsbA==",
          "depends_on": [
            "google_project_services.project_apis",
            "google_storage_bucket.static_page"
          ]
        }
      ]
    }
  ]
}
