{
  "version": 4,
  "terraform_version": "0.12.8",
  "serial": 61,
  "lineage": "d868c6d4-e753-2a0d-fc21-df1f2d883fe6",
  "outputs": {
    "bastion_external_ip": {
      "value": "35.209.101.74",
      "type": "string"
    },
    "database_ip": {
      "value": "104.198.45.61",
      "type": "string"
    },
    "database_name": {
      "value": "temp-project-0:us-central1:thisismydatabasedonotsteal",
      "type": "string"
    },
    "jenkins_external_ip": {
      "value": "35.208.192.188",
      "type": "string"
    },
    "key_path": {
      "value": "projects/temp-project-0/locations/global/keyRings/my-keyring/cryptoKeys/encryption-key",
      "type": "string"
    },
    "kubernetes_master_ip": {
      "value": "34.69.112.34",
      "type": "string"
    }
  },
  "resources": [
    {
      "mode": "data",
      "type": "template_file",
      "name": "jenkins_startup_script",
      "provider": "provider.template",
      "instances": [
        {
          "schema_version": 0,
          "attributes": {
            "filename": null,
            "id": "091aa3c7aa837320e57a3998644ed515ae9f498c8cfdee373df5ac0b46427fcc",
            "rendered": "#!/bin/sh\necho UPDATE OS\nsudo yum -y update\n\necho INSTALL GIT\nsudo yum -y install git\n\necho INSTALL JAVA AND DEVELOPER ENVIRONMENT\nsudo yum -y install java-1.8.0-openjdk\nsudo yum -y install java-1.8.0-openjdk-devel\n\necho INSTALL MAVEN  \nsudo yum -y install maven\n\necho INSTALL DOCKER\ncurl -fsSL https://get.docker.com/ | sh\nsudo systemctl start docker\nsudo systemctl enable docker\n\necho INSTALL JENKINS\ncurl --silent --location http://pkg.jenkins-ci.org/redhat-stable/jenkins.repo | sudo tee /etc/yum.repos.d/jenkins.repo\nsudo rpm --import https://jenkins-ci.org/redhat/jenkins-ci.org.key\nsudo yum -y install jenkins\nsudo systemctl start jenkins\nsudo systemctl enable jenkins\n\necho GIVE DOCKER PERMISSIONS TO JENKINS\nsudo usermod -aG docker jenkins\nsudo service jenkins restart\n",
            "template": "#!/bin/sh\necho UPDATE OS\nsudo yum -y update\n\necho INSTALL GIT\nsudo yum -y install git\n\necho INSTALL JAVA AND DEVELOPER ENVIRONMENT\nsudo yum -y install java-1.8.0-openjdk\nsudo yum -y install java-1.8.0-openjdk-devel\n\necho INSTALL MAVEN  \nsudo yum -y install maven\n\necho INSTALL DOCKER\ncurl -fsSL https://get.docker.com/ | sh\nsudo systemctl start docker\nsudo systemctl enable docker\n\necho INSTALL JENKINS\ncurl --silent --location http://pkg.jenkins-ci.org/redhat-stable/jenkins.repo | sudo tee /etc/yum.repos.d/jenkins.repo\nsudo rpm --import https://jenkins-ci.org/redhat/jenkins-ci.org.key\nsudo yum -y install jenkins\nsudo systemctl start jenkins\nsudo systemctl enable jenkins\n\necho GIVE DOCKER PERMISSIONS TO JENKINS\nsudo usermod -aG docker jenkins\nsudo service jenkins restart\n",
            "vars": null
          }
        }
      ]
    },
    {
      "mode": "managed",
      "type": "google_compute_firewall",
      "name": "allow_bastion_firewall",
      "provider": "provider.google",
      "instances": [
        {
          "schema_version": 1,
          "attributes": {
            "allow": [
              {
                "ports": [
                  "22"
                ],
                "protocol": "tcp"
              }
            ],
            "creation_timestamp": "2019-09-25T06:09:56.043-07:00",
            "deny": [],
            "description": "",
            "destination_ranges": [],
            "direction": "INGRESS",
            "disabled": false,
            "id": "allow-bastion-in",
            "name": "allow-bastion-in",
            "network": "https://www.googleapis.com/compute/v1/projects/temp-project-0/global/networks/devops-network",
            "priority": 1,
            "project": "temp-project-0",
            "self_link": "https://www.googleapis.com/compute/v1/projects/temp-project-0/global/firewalls/allow-bastion-in",
            "source_ranges": [],
            "source_service_accounts": [],
            "source_tags": [
              "bastion"
            ],
            "target_service_accounts": [],
            "target_tags": [
              "server"
            ],
            "timeouts": null
          },
          "private": "eyJlMmJmYjczMC1lY2FhLTExZTYtOGY4OC0zNDM2M2JjN2M0YzAiOnsiY3JlYXRlIjoyNDAwMDAwMDAwMDAsImRlbGV0ZSI6MjQwMDAwMDAwMDAwLCJ1cGRhdGUiOjI0MDAwMDAwMDAwMH0sInNjaGVtYV92ZXJzaW9uIjoiMSJ9",
          "depends_on": [
            "google_compute_network.uat_network"
          ]
        }
      ]
    },
    {
      "mode": "managed",
      "type": "google_compute_firewall",
      "name": "allow_http",
      "provider": "provider.google",
      "instances": [
        {
          "schema_version": 1,
          "attributes": {
            "allow": [
              {
                "ports": [
                  "80"
                ],
                "protocol": "tcp"
              }
            ],
            "creation_timestamp": "2019-09-25T06:09:56.003-07:00",
            "deny": [],
            "description": "",
            "destination_ranges": [],
            "direction": "INGRESS",
            "disabled": false,
            "id": "devops-allow-http",
            "name": "devops-allow-http",
            "network": "https://www.googleapis.com/compute/v1/projects/temp-project-0/global/networks/devops-network",
            "priority": 1000,
            "project": "temp-project-0",
            "self_link": "https://www.googleapis.com/compute/v1/projects/temp-project-0/global/firewalls/devops-allow-http",
            "source_ranges": [
              "0.0.0.0/0"
            ],
            "source_service_accounts": [],
            "source_tags": [],
            "target_service_accounts": [],
            "target_tags": [
              "http-server"
            ],
            "timeouts": null
          },
          "private": "eyJlMmJmYjczMC1lY2FhLTExZTYtOGY4OC0zNDM2M2JjN2M0YzAiOnsiY3JlYXRlIjoyNDAwMDAwMDAwMDAsImRlbGV0ZSI6MjQwMDAwMDAwMDAwLCJ1cGRhdGUiOjI0MDAwMDAwMDAwMH0sInNjaGVtYV92ZXJzaW9uIjoiMSJ9",
          "depends_on": [
            "google_compute_network.uat_network"
          ]
        }
      ]
    },
    {
      "mode": "managed",
      "type": "google_compute_firewall",
      "name": "allow_https",
      "provider": "provider.google",
      "instances": [
        {
          "schema_version": 1,
          "attributes": {
            "allow": [
              {
                "ports": [
                  "443"
                ],
                "protocol": "tcp"
              }
            ],
            "creation_timestamp": "2019-09-25T06:09:56.206-07:00",
            "deny": [],
            "description": "",
            "destination_ranges": [],
            "direction": "INGRESS",
            "disabled": false,
            "id": "devops-allow-https",
            "name": "devops-allow-https",
            "network": "https://www.googleapis.com/compute/v1/projects/temp-project-0/global/networks/devops-network",
            "priority": 1000,
            "project": "temp-project-0",
            "self_link": "https://www.googleapis.com/compute/v1/projects/temp-project-0/global/firewalls/devops-allow-https",
            "source_ranges": [
              "0.0.0.0/0"
            ],
            "source_service_accounts": [],
            "source_tags": [],
            "target_service_accounts": [],
            "target_tags": [
              "https-server"
            ],
            "timeouts": null
          },
          "private": "eyJlMmJmYjczMC1lY2FhLTExZTYtOGY4OC0zNDM2M2JjN2M0YzAiOnsiY3JlYXRlIjoyNDAwMDAwMDAwMDAsImRlbGV0ZSI6MjQwMDAwMDAwMDAwLCJ1cGRhdGUiOjI0MDAwMDAwMDAwMH0sInNjaGVtYV92ZXJzaW9uIjoiMSJ9",
          "depends_on": [
            "google_compute_network.uat_network"
          ]
        }
      ]
    },
    {
      "mode": "managed",
      "type": "google_compute_firewall",
      "name": "allow_into_bastion_firewall",
      "provider": "provider.google",
      "instances": [
        {
          "schema_version": 1,
          "attributes": {
            "allow": [
              {
                "ports": [
                  "22"
                ],
                "protocol": "tcp"
              }
            ],
            "creation_timestamp": "2019-09-25T06:09:56.540-07:00",
            "deny": [],
            "description": "",
            "destination_ranges": [],
            "direction": "INGRESS",
            "disabled": false,
            "id": "allow-into-bastion",
            "name": "allow-into-bastion",
            "network": "https://www.googleapis.com/compute/v1/projects/temp-project-0/global/networks/devops-network",
            "priority": 1,
            "project": "temp-project-0",
            "self_link": "https://www.googleapis.com/compute/v1/projects/temp-project-0/global/firewalls/allow-into-bastion",
            "source_ranges": [
              "0.0.0.0/0"
            ],
            "source_service_accounts": [],
            "source_tags": [],
            "target_service_accounts": [],
            "target_tags": [
              "bastion"
            ],
            "timeouts": null
          },
          "private": "eyJlMmJmYjczMC1lY2FhLTExZTYtOGY4OC0zNDM2M2JjN2M0YzAiOnsiY3JlYXRlIjoyNDAwMDAwMDAwMDAsImRlbGV0ZSI6MjQwMDAwMDAwMDAwLCJ1cGRhdGUiOjI0MDAwMDAwMDAwMH0sInNjaGVtYV92ZXJzaW9uIjoiMSJ9",
          "depends_on": [
            "google_compute_network.uat_network"
          ]
        }
      ]
    },
    {
      "mode": "managed",
      "type": "google_compute_firewall",
      "name": "allow_into_jenkins",
      "provider": "provider.google",
      "instances": [
        {
          "schema_version": 1,
          "attributes": {
            "allow": [
              {
                "ports": [
                  "8080"
                ],
                "protocol": "tcp"
              }
            ],
            "creation_timestamp": "2019-09-25T06:09:56.062-07:00",
            "deny": [],
            "description": "",
            "destination_ranges": [],
            "direction": "INGRESS",
            "disabled": false,
            "id": "allow-into-jenkins-server",
            "name": "allow-into-jenkins-server",
            "network": "https://www.googleapis.com/compute/v1/projects/temp-project-0/global/networks/devops-network",
            "priority": 500,
            "project": "temp-project-0",
            "self_link": "https://www.googleapis.com/compute/v1/projects/temp-project-0/global/firewalls/allow-into-jenkins-server",
            "source_ranges": [
              "0.0.0.0/0"
            ],
            "source_service_accounts": [],
            "source_tags": [],
            "target_service_accounts": [],
            "target_tags": [
              "jenkins"
            ],
            "timeouts": null
          },
          "private": "eyJlMmJmYjczMC1lY2FhLTExZTYtOGY4OC0zNDM2M2JjN2M0YzAiOnsiY3JlYXRlIjoyNDAwMDAwMDAwMDAsImRlbGV0ZSI6MjQwMDAwMDAwMDAwLCJ1cGRhdGUiOjI0MDAwMDAwMDAwMH0sInNjaGVtYV92ZXJzaW9uIjoiMSJ9",
          "depends_on": [
            "google_compute_network.uat_network"
          ]
        }
      ]
    },
    {
      "mode": "managed",
      "type": "google_compute_firewall",
      "name": "deny_into_servers_firewall",
      "provider": "provider.google",
      "instances": [
        {
          "schema_version": 1,
          "attributes": {
            "allow": [],
            "creation_timestamp": "2019-09-25T06:09:56.005-07:00",
            "deny": [
              {
                "ports": [
                  "22"
                ],
                "protocol": "tcp"
              }
            ],
            "description": "",
            "destination_ranges": [],
            "direction": "INGRESS",
            "disabled": false,
            "id": "deny-into-servers",
            "name": "deny-into-servers",
            "network": "https://www.googleapis.com/compute/v1/projects/temp-project-0/global/networks/devops-network",
            "priority": 2000,
            "project": "temp-project-0",
            "self_link": "https://www.googleapis.com/compute/v1/projects/temp-project-0/global/firewalls/deny-into-servers",
            "source_ranges": [
              "0.0.0.0/0"
            ],
            "source_service_accounts": [],
            "source_tags": [],
            "target_service_accounts": [],
            "target_tags": [
              "server"
            ],
            "timeouts": null
          },
          "private": "eyJlMmJmYjczMC1lY2FhLTExZTYtOGY4OC0zNDM2M2JjN2M0YzAiOnsiY3JlYXRlIjoyNDAwMDAwMDAwMDAsImRlbGV0ZSI6MjQwMDAwMDAwMDAwLCJ1cGRhdGUiOjI0MDAwMDAwMDAwMH0sInNjaGVtYV92ZXJzaW9uIjoiMSJ9",
          "depends_on": [
            "google_compute_network.uat_network"
          ]
        }
      ]
    },
    {
      "mode": "managed",
      "type": "google_compute_instance",
      "name": "devops_bastion",
      "provider": "provider.google",
      "instances": [
        {
          "schema_version": 6,
          "attributes": {
            "allow_stopping_for_update": true,
            "attached_disk": [],
            "boot_disk": [
              {
                "auto_delete": true,
                "device_name": "persistent-disk-0",
                "disk_encryption_key_raw": "",
                "disk_encryption_key_sha256": "",
                "initialize_params": [
                  {
                    "image": "https://www.googleapis.com/compute/v1/projects/centos-cloud/global/images/centos-7-v20190916",
                    "labels": {},
                    "size": 10,
                    "type": "pd-standard"
                  }
                ],
                "kms_key_self_link": "",
                "source": "https://www.googleapis.com/compute/v1/projects/temp-project-0/zones/us-central1-a/disks/bastion"
              }
            ],
            "can_ip_forward": false,
            "cpu_platform": "Intel Haswell",
            "deletion_protection": false,
            "description": null,
            "disk": [],
            "guest_accelerator": [],
            "hostname": "",
            "id": "bastion",
            "instance_id": "7632456980852300207",
            "label_fingerprint": "42WmSpB8rSM=",
            "labels": {},
            "machine_type": "f1-micro",
            "metadata": {},
            "metadata_fingerprint": "BTYU1M-o7ew=",
            "metadata_startup_script": "",
            "min_cpu_platform": "",
            "name": "bastion",
            "network_interface": [
              {
                "access_config": [
                  {
                    "assigned_nat_ip": "",
                    "nat_ip": "35.209.101.74",
                    "network_tier": "STANDARD",
                    "public_ptr_domain_name": ""
                  }
                ],
                "address": "",
                "alias_ip_range": [],
                "name": "nic0",
                "network": "https://www.googleapis.com/compute/v1/projects/temp-project-0/global/networks/devops-network",
                "network_ip": "192.168.2.2",
                "subnetwork": "https://www.googleapis.com/compute/v1/projects/temp-project-0/regions/us-central1/subnetworks/uat-subnet",
                "subnetwork_project": "temp-project-0"
              }
            ],
            "project": "temp-project-0",
            "scheduling": [
              {
                "automatic_restart": true,
                "node_affinities": [],
                "on_host_maintenance": "MIGRATE",
                "preemptible": false
              }
            ],
            "scratch_disk": [],
            "self_link": "https://www.googleapis.com/compute/v1/projects/temp-project-0/zones/us-central1-a/instances/bastion",
            "service_account": [],
            "shielded_instance_config": [],
            "tags": [
              "bastion"
            ],
            "tags_fingerprint": "NfTTNVh6sLU=",
            "timeouts": null,
            "zone": "us-central1-a"
          },
          "private": "eyJlMmJmYjczMC1lY2FhLTExZTYtOGY4OC0zNDM2M2JjN2M0YzAiOnsiY3JlYXRlIjoxMjAwMDAwMDAwMDAwLCJkZWxldGUiOjEyMDAwMDAwMDAwMDAsInVwZGF0ZSI6MTIwMDAwMDAwMDAwMH0sInNjaGVtYV92ZXJzaW9uIjoiNiJ9",
          "depends_on": [
            "google_compute_subnetwork.uat_subnetwork"
          ]
        }
      ]
    },
    {
      "mode": "managed",
      "type": "google_compute_instance",
      "name": "jenkins_vm",
      "provider": "provider.google",
      "instances": [
        {
          "schema_version": 6,
          "attributes": {
            "allow_stopping_for_update": true,
            "attached_disk": [],
            "boot_disk": [
              {
                "auto_delete": true,
                "device_name": "persistent-disk-0",
                "disk_encryption_key_raw": "",
                "disk_encryption_key_sha256": "",
                "initialize_params": [
                  {
                    "image": "https://www.googleapis.com/compute/v1/projects/centos-cloud/global/images/centos-7-v20190916",
                    "labels": {},
                    "size": 10,
                    "type": "pd-standard"
                  }
                ],
                "kms_key_self_link": "",
                "source": "https://www.googleapis.com/compute/v1/projects/temp-project-0/zones/us-central1-a/disks/jenkins-server"
              }
            ],
            "can_ip_forward": false,
            "cpu_platform": "Intel Haswell",
            "deletion_protection": false,
            "description": null,
            "disk": [],
            "guest_accelerator": [],
            "hostname": "",
            "id": "jenkins-server",
            "instance_id": "300262905325434815",
            "label_fingerprint": "BytbEPUG4HY=",
            "labels": {
              "environment": "uat"
            },
            "machine_type": "n1-standard-1",
            "metadata": {},
            "metadata_fingerprint": "5kSGBhPht1U=",
            "metadata_startup_script": "#!/bin/sh\necho UPDATE OS\nsudo yum -y update\n\necho INSTALL GIT\nsudo yum -y install git\n\necho INSTALL JAVA AND DEVELOPER ENVIRONMENT\nsudo yum -y install java-1.8.0-openjdk\nsudo yum -y install java-1.8.0-openjdk-devel\n\necho INSTALL MAVEN  \nsudo yum -y install maven\n\necho INSTALL DOCKER\ncurl -fsSL https://get.docker.com/ | sh\nsudo systemctl start docker\nsudo systemctl enable docker\n\necho INSTALL JENKINS\ncurl --silent --location http://pkg.jenkins-ci.org/redhat-stable/jenkins.repo | sudo tee /etc/yum.repos.d/jenkins.repo\nsudo rpm --import https://jenkins-ci.org/redhat/jenkins-ci.org.key\nsudo yum -y install jenkins\nsudo systemctl start jenkins\nsudo systemctl enable jenkins\n\necho GIVE DOCKER PERMISSIONS TO JENKINS\nsudo usermod -aG docker jenkins\nsudo service jenkins restart\n",
            "min_cpu_platform": "",
            "name": "jenkins-server",
            "network_interface": [
              {
                "access_config": [
                  {
                    "assigned_nat_ip": "",
                    "nat_ip": "35.208.192.188",
                    "network_tier": "STANDARD",
                    "public_ptr_domain_name": ""
                  }
                ],
                "address": "",
                "alias_ip_range": [],
                "name": "nic0",
                "network": "https://www.googleapis.com/compute/v1/projects/temp-project-0/global/networks/devops-network",
                "network_ip": "192.168.2.10",
                "subnetwork": "https://www.googleapis.com/compute/v1/projects/temp-project-0/regions/us-central1/subnetworks/uat-subnet",
                "subnetwork_project": "temp-project-0"
              }
            ],
            "project": "temp-project-0",
            "scheduling": [
              {
                "automatic_restart": true,
                "node_affinities": [],
                "on_host_maintenance": "MIGRATE",
                "preemptible": false
              }
            ],
            "scratch_disk": [],
            "self_link": "https://www.googleapis.com/compute/v1/projects/temp-project-0/zones/us-central1-a/instances/jenkins-server",
            "service_account": [
              {
                "email": "jenkins-service-account@temp-project-0.iam.gserviceaccount.com",
                "scopes": [
                  "https://www.googleapis.com/auth/cloud-platform"
                ]
              }
            ],
            "shielded_instance_config": [],
            "tags": [
              "http-server",
              "https-server",
              "jenkins",
              "server"
            ],
            "tags_fingerprint": "WX-_R91C4AI=",
            "timeouts": null,
            "zone": "us-central1-a"
          },
          "private": "eyJlMmJmYjczMC1lY2FhLTExZTYtOGY4OC0zNDM2M2JjN2M0YzAiOnsiY3JlYXRlIjoxMjAwMDAwMDAwMDAwLCJkZWxldGUiOjEyMDAwMDAwMDAwMDAsInVwZGF0ZSI6MTIwMDAwMDAwMDAwMH0sInNjaGVtYV92ZXJzaW9uIjoiNiJ9",
          "depends_on": [
            "data.template_file.jenkins_startup_script",
            "google_compute_subnetwork.uat_subnetwork",
            "google_service_account.jenkins_account"
          ]
        }
      ]
    },
    {
      "mode": "managed",
      "type": "google_compute_network",
      "name": "uat_network",
      "provider": "provider.google",
      "instances": [
        {
          "schema_version": 0,
          "attributes": {
            "auto_create_subnetworks": false,
            "delete_default_routes_on_create": false,
            "description": "",
            "gateway_ipv4": "",
            "id": "devops-network",
            "ipv4_range": "",
            "name": "devops-network",
            "project": "temp-project-0",
            "routing_mode": "REGIONAL",
            "self_link": "https://www.googleapis.com/compute/v1/projects/temp-project-0/global/networks/devops-network",
            "timeouts": null
          },
          "private": "eyJlMmJmYjczMC1lY2FhLTExZTYtOGY4OC0zNDM2M2JjN2M0YzAiOnsiY3JlYXRlIjoyNDAwMDAwMDAwMDAsImRlbGV0ZSI6MjQwMDAwMDAwMDAwLCJ1cGRhdGUiOjI0MDAwMDAwMDAwMH19"
        }
      ]
    },
    {
      "mode": "managed",
      "type": "google_compute_subnetwork",
      "name": "pipeline_subnetwork",
      "provider": "provider.google",
      "instances": [
        {
          "schema_version": 0,
          "attributes": {
            "creation_timestamp": "2019-09-25T06:09:56.382-07:00",
            "description": "",
            "enable_flow_logs": false,
            "fingerprint": "8ceBF-8NZxA=",
            "gateway_address": "192.168.1.1",
            "id": "us-central1/devops-subnet",
            "ip_cidr_range": "192.168.1.0/24",
            "name": "devops-subnet",
            "network": "https://www.googleapis.com/compute/v1/projects/temp-project-0/global/networks/devops-network",
            "private_ip_google_access": false,
            "project": "temp-project-0",
            "region": "us-central1",
            "secondary_ip_range": [],
            "self_link": "https://www.googleapis.com/compute/v1/projects/temp-project-0/regions/us-central1/subnetworks/devops-subnet",
            "timeouts": null
          },
          "private": "eyJlMmJmYjczMC1lY2FhLTExZTYtOGY4OC0zNDM2M2JjN2M0YzAiOnsiY3JlYXRlIjozNjAwMDAwMDAwMDAsImRlbGV0ZSI6MzYwMDAwMDAwMDAwLCJ1cGRhdGUiOjM2MDAwMDAwMDAwMH19",
          "depends_on": [
            "google_compute_network.uat_network"
          ]
        }
      ]
    },
    {
      "mode": "managed",
      "type": "google_compute_subnetwork",
      "name": "uat_subnetwork",
      "provider": "provider.google",
      "instances": [
        {
          "schema_version": 0,
          "attributes": {
            "creation_timestamp": "2019-09-25T06:09:56.697-07:00",
            "description": "",
            "enable_flow_logs": false,
            "fingerprint": "K2kPczp6e_Y=",
            "gateway_address": "192.168.2.1",
            "id": "us-central1/uat-subnet",
            "ip_cidr_range": "192.168.2.0/24",
            "name": "uat-subnet",
            "network": "https://www.googleapis.com/compute/v1/projects/temp-project-0/global/networks/devops-network",
            "private_ip_google_access": false,
            "project": "temp-project-0",
            "region": "us-central1",
            "secondary_ip_range": [],
            "self_link": "https://www.googleapis.com/compute/v1/projects/temp-project-0/regions/us-central1/subnetworks/uat-subnet",
            "timeouts": null
          },
          "private": "eyJlMmJmYjczMC1lY2FhLTExZTYtOGY4OC0zNDM2M2JjN2M0YzAiOnsiY3JlYXRlIjozNjAwMDAwMDAwMDAsImRlbGV0ZSI6MzYwMDAwMDAwMDAwLCJ1cGRhdGUiOjM2MDAwMDAwMDAwMH19",
          "depends_on": [
            "google_compute_network.uat_network"
          ]
        }
      ]
    },
    {
      "mode": "managed",
      "type": "google_container_cluster",
      "name": "uat_cluster",
      "provider": "provider.google",
      "instances": [
        {
          "schema_version": 1,
          "attributes": {
            "additional_zones": [],
            "addons_config": [
              {
                "horizontal_pod_autoscaling": [],
                "http_load_balancing": [],
                "kubernetes_dashboard": [
                  {
                    "disabled": true
                  }
                ],
                "network_policy_config": [
                  {
                    "disabled": true
                  }
                ]
              }
            ],
            "cluster_autoscaling": [],
            "cluster_ipv4_cidr": "10.28.0.0/14",
            "description": "",
            "enable_binary_authorization": null,
            "enable_intranode_visibility": null,
            "enable_kubernetes_alpha": false,
            "enable_legacy_abac": false,
            "enable_tpu": null,
            "endpoint": "34.69.112.34",
            "id": "uat-cluster",
            "initial_node_count": 1,
            "instance_group_urls": [
              "https://www.googleapis.com/compute/v1/projects/temp-project-0/zones/us-central1-a/instanceGroups/gke-uat-cluster-uat-node-pool-e7ca630c-grp"
            ],
            "ip_allocation_policy": [],
            "location": "us-central1-a",
            "logging_service": "logging.googleapis.com",
            "maintenance_policy": [],
            "master_auth": [
              {
                "client_certificate": "",
                "client_certificate_config": [
                  {
                    "issue_client_certificate": false
                  }
                ],
                "client_key": "",
                "cluster_ca_certificate": "LS0tLS1CRUdJTiBDRVJUSUZJQ0FURS0tLS0tCk1JSURERENDQWZTZ0F3SUJBZ0lSQU1KUHpmZTN6Qkwyb2Q1T2xaaHNCczB3RFFZSktvWklodmNOQVFFTEJRQXcKTHpFdE1Dc0dBMVVFQXhNa09UVXpNVEJqWXprdE1qQXpZUzAwTXpFekxUa3dNamN0WXpCbVlqZzBOemxsTWpRegpNQjRYRFRFNU1Ea3lOVEV5TWpZeE5Gb1hEVEkwTURreU16RXpNall4TkZvd0x6RXRNQ3NHQTFVRUF4TWtPVFV6Ck1UQmpZemt0TWpBellTMDBNekV6TFRrd01qY3RZekJtWWpnME56bGxNalF6TUlJQklqQU5CZ2txaGtpRzl3MEIKQVFFRkFBT0NBUThBTUlJQkNnS0NBUUVBdmdPTkpaRVBwUjBkWVBmeWU5MkRvUVhQZEtsMnhub0xxY1RPWWZxMQpLakpDbjF1SUFPenlHN3hmUFRjYk5TaGVkb0syQ3dRQXJGL3M5VmFsSVZhUWUxNFNCZ0Zkb0s2TjRYYU03OUpECklzYktTeHBYV0VBMGZmV3BGSkxUc1ZITEhOdExjZnJHUnM3eFNIUEUrZ0NXKzFob3Z5bitxOGNvOUQyS1V6dGQKTloyMXR1eHB3ZzRYcUpVRW8xZ3RsNklWZ2xLNkJLL1dnZ3ZOOVFuOWdlSG9ZWVNhcm0rTEFQT3pKK0tZeGoyVgpCYUI5aXFxbEhrV2hCLzVwOEMzK0p5VHlPS0NUb25aOE9nbzNna3c0SHUxcjhDU3hoODFZaUN3UFZRcHpRS0FWCld6OE91cmpWb2MrVFhlMFdHOWovN3JXMnhsQkJnS25CQjI3ZEtwcXJVWlhWYndJREFRQUJveU13SVRBT0JnTlYKSFE4QkFmOEVCQU1DQWdRd0R3WURWUjBUQVFIL0JBVXdBd0VCL3pBTkJna3Foa2lHOXcwQkFRc0ZBQU9DQVFFQQphYnpFUHlnK1p4QVNRelVPRWRqby9nSGJKa0J4ZkVjamxDOWNHOUVWOTh3K0JYNDdUbXBEbmdld3hCbDNveUt2CjZxR1VEckpFbXIzdlVlNzZCWkt0MEZMTFk5TWp6cnhpbW5QNWJPR1VQM2oxaGFDSFlIbjVReHI5TDlwY3p4ZTMKd1hzY1FjdGhVUzYrS2pQODRWbmx5dzFpemsyRFVtdUU0WnpsS3N3emlDcWhWd0JDR040aEZLWTBxTnJNcUF6VgoyWUNvblVZWkdEc2d6c2FUUjJ6dHpHV0h0bE5UNTJzdmtUa1phRjFiRkJGc2lvUVJ2elFoQWU5aFpXVlcwS1d4CmdQU1M5Qkl4NlRtN2M5UkgrQ2NmOVpDTE45dDVmSG5LNnh4VWFlK1N4MGtjZ2JBRFJwT1lQZDhpUzJVR1dVZmsKOU9wUFhkenFHQytwTVU2Z0pnSlJXZz09Ci0tLS0tRU5EIENFUlRJRklDQVRFLS0tLS0K",
                "password": "",
                "username": ""
              }
            ],
            "master_authorized_networks_config": [],
            "master_version": "1.13.7-gke.8",
            "min_master_version": null,
            "monitoring_service": "monitoring.googleapis.com",
            "name": "uat-cluster",
            "network": "projects/temp-project-0/global/networks/devops-network",
            "network_policy": [
              {
                "enabled": false,
                "provider": "PROVIDER_UNSPECIFIED"
              }
            ],
            "node_config": [
              {
                "disk_size_gb": 100,
                "disk_type": "pd-standard",
                "guest_accelerator": [],
                "image_type": "COS",
                "labels": {},
                "local_ssd_count": 0,
                "machine_type": "g1-small",
                "metadata": {
                  "disable-legacy-endpoints": "true"
                },
                "min_cpu_platform": "",
                "oauth_scopes": [
                  "https://www.googleapis.com/auth/devstorage.read_only",
                  "https://www.googleapis.com/auth/logging.write",
                  "https://www.googleapis.com/auth/monitoring"
                ],
                "preemptible": false,
                "sandbox_config": [],
                "service_account": "default",
                "tags": [],
                "taint": [],
                "workload_metadata_config": []
              }
            ],
            "node_locations": [],
            "node_pool": [
              {
                "autoscaling": [],
                "initial_node_count": 1,
                "instance_group_urls": [
                  "https://www.googleapis.com/compute/v1/projects/temp-project-0/zones/us-central1-a/instanceGroupManagers/gke-uat-cluster-uat-node-pool-e7ca630c-grp"
                ],
                "management": [
                  {
                    "auto_repair": false,
                    "auto_upgrade": false
                  }
                ],
                "max_pods_per_node": 0,
                "name": "uat-node-pool",
                "name_prefix": "",
                "node_config": [
                  {
                    "disk_size_gb": 100,
                    "disk_type": "pd-standard",
                    "guest_accelerator": [],
                    "image_type": "COS",
                    "labels": {},
                    "local_ssd_count": 0,
                    "machine_type": "g1-small",
                    "metadata": {
                      "disable-legacy-endpoints": "true"
                    },
                    "min_cpu_platform": "",
                    "oauth_scopes": [
                      "https://www.googleapis.com/auth/devstorage.read_only",
                      "https://www.googleapis.com/auth/logging.write",
                      "https://www.googleapis.com/auth/monitoring"
                    ],
                    "preemptible": false,
                    "sandbox_config": [],
                    "service_account": "default",
                    "tags": [],
                    "taint": [],
                    "workload_metadata_config": []
                  }
                ],
                "node_count": 1,
                "version": "1.13.7-gke.8"
              }
            ],
            "node_version": "1.13.7-gke.8",
            "pod_security_policy_config": [],
            "private_cluster_config": [],
            "project": "temp-project-0",
            "region": null,
            "remove_default_node_pool": true,
            "resource_labels": {},
            "services_ipv4_cidr": "10.31.240.0/20",
            "subnetwork": "projects/temp-project-0/regions/us-central1/subnetworks/uat-subnet",
            "timeouts": null,
            "zone": "us-central1-a"
          },
          "private": "eyJlMmJmYjczMC1lY2FhLTExZTYtOGY4OC0zNDM2M2JjN2M0YzAiOnsiY3JlYXRlIjoxODAwMDAwMDAwMDAwLCJkZWxldGUiOjE4MDAwMDAwMDAwMDAsInVwZGF0ZSI6MzYwMDAwMDAwMDAwMH0sInNjaGVtYV92ZXJzaW9uIjoiMSJ9",
          "depends_on": [
            "google_compute_network.uat_network",
            "google_compute_subnetwork.uat_subnetwork"
          ]
        }
      ]
    },
    {
      "mode": "managed",
      "type": "google_container_node_pool",
      "name": "uat_nodes",
      "provider": "provider.google",
      "instances": [
        {
          "schema_version": 1,
          "attributes": {
            "autoscaling": [],
            "cluster": "uat-cluster",
            "id": "us-central1-a/uat-cluster/uat-node-pool",
            "initial_node_count": 1,
            "instance_group_urls": [
              "https://www.googleapis.com/compute/v1/projects/temp-project-0/zones/us-central1-a/instanceGroupManagers/gke-uat-cluster-uat-node-pool-e7ca630c-grp"
            ],
            "location": "us-central1-a",
            "management": [
              {
                "auto_repair": false,
                "auto_upgrade": false
              }
            ],
            "max_pods_per_node": null,
            "name": "uat-node-pool",
            "name_prefix": "",
            "node_config": [
              {
                "disk_size_gb": 100,
                "disk_type": "pd-standard",
                "guest_accelerator": [],
                "image_type": "COS",
                "labels": {},
                "local_ssd_count": 0,
                "machine_type": "g1-small",
                "metadata": {
                  "disable-legacy-endpoints": "true"
                },
                "min_cpu_platform": "",
                "oauth_scopes": [
                  "https://www.googleapis.com/auth/devstorage.read_only",
                  "https://www.googleapis.com/auth/logging.write",
                  "https://www.googleapis.com/auth/monitoring"
                ],
                "preemptible": false,
                "sandbox_config": [],
                "service_account": "default",
                "tags": [],
                "taint": [],
                "workload_metadata_config": []
              }
            ],
            "node_count": 1,
            "project": "temp-project-0",
            "region": null,
            "timeouts": null,
            "version": "1.13.7-gke.8",
            "zone": "us-central1-a"
          },
          "private": "eyJlMmJmYjczMC1lY2FhLTExZTYtOGY4OC0zNDM2M2JjN2M0YzAiOnsiY3JlYXRlIjoxODAwMDAwMDAwMDAwLCJkZWxldGUiOjYwMDAwMDAwMDAwMCwidXBkYXRlIjo2MDAwMDAwMDAwMDB9LCJzY2hlbWFfdmVyc2lvbiI6IjEifQ==",
          "depends_on": [
            "google_container_cluster.uat_cluster"
          ]
        }
      ]
    },
    {
      "mode": "managed",
      "type": "google_kms_crypto_key",
      "name": "encryption_key",
      "provider": "provider.google",
      "instances": [
        {
          "schema_version": 1,
          "attributes": {
            "id": "projects/temp-project-0/locations/global/keyRings/my-keyring/cryptoKeys/encryption-key",
            "key_ring": "projects/temp-project-0/locations/global/keyRings/my-keyring",
            "labels": {
              "environment": "uat"
            },
            "name": "encryption-key",
            "purpose": "ENCRYPT_DECRYPT",
            "rotation_period": "",
            "self_link": "projects/temp-project-0/locations/global/keyRings/my-keyring/cryptoKeys/encryption-key",
            "timeouts": null,
            "version_template": [
              {
                "algorithm": "GOOGLE_SYMMETRIC_ENCRYPTION",
                "protection_level": "SOFTWARE"
              }
            ]
          },
          "private": "eyJlMmJmYjczMC1lY2FhLTExZTYtOGY4OC0zNDM2M2JjN2M0YzAiOnsiY3JlYXRlIjoyNDAwMDAwMDAwMDAsImRlbGV0ZSI6MjQwMDAwMDAwMDAwLCJ1cGRhdGUiOjI0MDAwMDAwMDAwMH0sInNjaGVtYV92ZXJzaW9uIjoiMSJ9",
          "depends_on": [
            "google_kms_key_ring.global_keyring"
          ]
        }
      ]
    },
    {
      "mode": "managed",
      "type": "google_kms_key_ring",
      "name": "global_keyring",
      "provider": "provider.google",
      "instances": [
        {
          "schema_version": 0,
          "attributes": {
            "id": "projects/temp-project-0/locations/global/keyRings/my-keyring",
            "location": "global",
            "name": "my-keyring",
            "project": "temp-project-0",
            "self_link": "projects/temp-project-0/locations/global/keyRings/my-keyring",
            "timeouts": null
          },
          "private": "eyJlMmJmYjczMC1lY2FhLTExZTYtOGY4OC0zNDM2M2JjN2M0YzAiOnsiY3JlYXRlIjoyNDAwMDAwMDAwMDAsImRlbGV0ZSI6MjQwMDAwMDAwMDAwfX0="
        }
      ]
    },
    {
      "mode": "managed",
      "type": "google_logging_project_sink",
      "name": "logging_sink",
      "provider": "provider.google",
      "instances": [
        {
          "schema_version": 0,
          "attributes": {
            "destination": "storage.googleapis.com/thisisadatasinkbucketdonotsteal",
            "filter": "",
            "id": "projects/temp-project-0/sinks/complete-logging-sink",
            "name": "complete-logging-sink",
            "project": "temp-project-0",
            "unique_writer_identity": true,
            "writer_identity": "serviceAccount:p627053805455-776173@gcp-sa-logging.iam.gserviceaccount.com"
          },
          "private": "bnVsbA==",
          "depends_on": [
            "google_storage_bucket.data_sink"
          ]
        }
      ]
    },
    {
      "mode": "managed",
      "type": "google_project_iam_binding",
      "name": "log_writer",
      "provider": "provider.google",
      "instances": [
        {
          "schema_version": 0,
          "attributes": {
            "etag": "BwWTZYPRI9c=",
            "id": "temp-project-0/roles/storage.objectCreator",
            "members": [
              "serviceAccount:p627053805455-776173@gcp-sa-logging.iam.gserviceaccount.com"
            ],
            "project": null,
            "role": "roles/storage.objectCreator"
          },
          "private": "bnVsbA==",
          "depends_on": [
            "google_logging_project_sink.logging_sink"
          ]
        }
      ]
    },
    {
      "mode": "managed",
      "type": "google_project_iam_custom_role",
      "name": "jenkins_role",
      "provider": "provider.google",
      "instances": [
        {
          "schema_version": 0,
          "attributes": {
            "deleted": false,
            "description": "Custom role for Jenkins VM",
            "id": "projects/temp-project-0/roles/jenkinsUAT",
            "permissions": [
              "container.clusters.getCredentials",
              "container.deployments.create",
              "container.deployments.update",
              "container.pods.delete",
              "storage.buckets.get",
              "storage.buckets.update",
              "storage.objects.create",
              "storage.objects.get"
            ],
            "project": "temp-project-0",
            "role_id": "jenkinsUAT",
            "stage": "GA",
            "title": "Jenkins Role"
          },
          "private": "bnVsbA=="
        }
      ]
    },
    {
      "mode": "managed",
      "type": "google_project_iam_member",
      "name": "test_member",
      "provider": "provider.google",
      "instances": [
        {
          "schema_version": 0,
          "attributes": {
            "etag": "BwWTZYPRI9c=",
            "id": "temp-project-0/projects/temp-project-0/roles/jenkinsUAT/serviceaccount:jenkins-service-account@temp-project-0.iam.gserviceaccount.com",
            "member": "serviceAccount:jenkins-service-account@temp-project-0.iam.gserviceaccount.com",
            "project": null,
            "role": "projects/temp-project-0/roles/jenkinsUAT"
          },
          "private": "bnVsbA==",
          "depends_on": [
            "google_project_iam_custom_role.jenkins_role",
            "google_service_account.jenkins_account"
          ]
        }
      ]
    },
    {
      "mode": "managed",
      "type": "google_project_services",
      "name": "project_apis",
      "provider": "provider.google",
      "instances": [
        {
          "schema_version": 0,
          "attributes": {
            "disable_on_destroy": true,
            "id": "temp-project-0",
            "project": "temp-project-0",
            "services": [
              "clouddebugger.googleapis.com",
              "cloudkms.googleapis.com",
              "cloudprofiler.googleapis.com",
              "cloudresourcemanager.googleapis.com",
              "compute.googleapis.com",
              "container.googleapis.com",
              "containerregistry.googleapis.com",
              "iam.googleapis.com",
              "iamcredentials.googleapis.com",
              "logging.googleapis.com",
              "monitoring.googleapis.com",
              "oslogin.googleapis.com",
              "pubsub.googleapis.com",
              "servicemanagement.googleapis.com",
              "serviceusage.googleapis.com",
              "sqladmin.googleapis.com",
              "stackdriver.googleapis.com",
              "storage-api.googleapis.com",
              "storage-component.googleapis.com"
            ],
            "timeouts": null
          },
          "private": "eyJlMmJmYjczMC1lY2FhLTExZTYtOGY4OC0zNDM2M2JjN2M0YzAiOnsiY3JlYXRlIjoxMjAwMDAwMDAwMDAwLCJkZWxldGUiOjEyMDAwMDAwMDAwMDAsInJlYWQiOjYwMDAwMDAwMDAwMCwidXBkYXRlIjoxMjAwMDAwMDAwMDAwfX0="
        }
      ]
    },
    {
      "mode": "managed",
      "type": "google_service_account",
      "name": "jenkins_account",
      "provider": "provider.google",
      "instances": [
        {
          "schema_version": 0,
          "attributes": {
            "account_id": "jenkins-service-account",
            "display_name": "Jenkins Service Account",
            "email": "jenkins-service-account@temp-project-0.iam.gserviceaccount.com",
            "id": "projects/temp-project-0/serviceAccounts/jenkins-service-account@temp-project-0.iam.gserviceaccount.com",
            "name": "projects/temp-project-0/serviceAccounts/jenkins-service-account@temp-project-0.iam.gserviceaccount.com",
            "policy_data": null,
            "project": "temp-project-0",
            "unique_id": "109788069318968048696"
          },
          "private": "bnVsbA=="
        }
      ]
    },
    {
      "mode": "managed",
      "type": "google_sql_database",
      "name": "database",
      "provider": "provider.google",
      "instances": [
        {
          "schema_version": 0,
          "attributes": {
            "charset": "UTF8",
            "collation": "en_US.UTF8",
            "id": "thisismydatabasedonotsteal:patient-onboarding-database",
            "instance": "thisismydatabasedonotsteal",
            "name": "patient-onboarding-database",
            "project": "temp-project-0",
            "self_link": "https://www.googleapis.com/sql/v1beta4/projects/temp-project-0/instances/thisismydatabasedonotsteal/databases/patient-onboarding-database",
            "timeouts": null
          },
          "private": "eyJlMmJmYjczMC1lY2FhLTExZTYtOGY4OC0zNDM2M2JjN2M0YzAiOnsiY3JlYXRlIjo5MDAwMDAwMDAwMDAsImRlbGV0ZSI6NjAwMDAwMDAwMDAwLCJ1cGRhdGUiOjYwMDAwMDAwMDAwMH19",
          "depends_on": [
            "google_sql_database_instance.uat_database"
          ]
        }
      ]
    },
    {
      "mode": "managed",
      "type": "google_sql_database_instance",
      "name": "uat_database",
      "provider": "provider.google",
      "instances": [
        {
          "schema_version": 0,
          "attributes": {
            "connection_name": "temp-project-0:us-central1:thisismydatabasedonotsteal",
            "database_version": "POSTGRES_9_6",
            "first_ip_address": "104.198.45.61",
            "id": "thisismydatabasedonotsteal",
            "ip_address": [
              {
                "ip_address": "104.198.45.61",
                "time_to_retire": "",
                "type": "PRIMARY"
              }
            ],
            "master_instance_name": "",
            "name": "thisismydatabasedonotsteal",
            "private_ip_address": "",
            "project": "temp-project-0",
            "public_ip_address": "104.198.45.61",
            "region": "us-central1",
            "replica_configuration": [],
            "self_link": "https://www.googleapis.com/sql/v1beta4/projects/temp-project-0/instances/thisismydatabasedonotsteal",
            "server_ca_cert": [
              {
                "cert": "-----BEGIN CERTIFICATE-----\nMIIDfzCCAmegAwIBAgIBADANBgkqhkiG9w0BAQsFADB3MS0wKwYDVQQuEyQ0NjY4\nNWIyZi00MzNlLTQ0ZmItOGQyZS1mNjlkOTIyMWJlMzMxIzAhBgNVBAMTGkdvb2ds\nZSBDbG91ZCBTUUwgU2VydmVyIENBMRQwEgYDVQQKEwtHb29nbGUsIEluYzELMAkG\nA1UEBhMCVVMwHhcNMTkwOTI1MTMxNjExWhcNMjkwOTIyMTMxNzExWjB3MS0wKwYD\nVQQuEyQ0NjY4NWIyZi00MzNlLTQ0ZmItOGQyZS1mNjlkOTIyMWJlMzMxIzAhBgNV\nBAMTGkdvb2dsZSBDbG91ZCBTUUwgU2VydmVyIENBMRQwEgYDVQQKEwtHb29nbGUs\nIEluYzELMAkGA1UEBhMCVVMwggEiMA0GCSqGSIb3DQEBAQUAA4IBDwAwggEKAoIB\nAQCA4yC8mgKQD6SVnPJBZWKsXV5+MIO8r0cunlelCTFdZKSLV/zfTsQPyrojpMGG\nH8g2geGjzIeXk6ojlFjHDM/VNJvAFfQTjICsthwu28vb9DCRzT9ttJLEWHmmQd1J\ntlHh46M/SUWNhr4VUS+fik35k+TPUwCOcpFzRGVheVADrDoVyH2NfYCuIescHpg6\nih38a2gUecnErA4kB+pXfGw/m1xjtayDLugcRWq0EOKxf1Smtgs9Wce1cnEh6i/W\nVyIpW9g8HWqDMWS/r9dl6r6e9ZAr1GVMnQDCKtSDWoOPIoazysR7vfdZOb3DFsF1\nYBGsdQn/qe5VNborcIwlTmXrAgMBAAGjFjAUMBIGA1UdEwEB/wQIMAYBAf8CAQAw\nDQYJKoZIhvcNAQELBQADggEBABpkzdi6AVi8+2fDWFolHkC/q8/ynAu3sfoTK/PP\nnySpVh9H/lE6VRLsI8I0IkMw8eVLTjal7t7rMc2ZaCiGf+d2IxOxG/0hjUtfbQO4\ngofxcm8k6Ocme4wSHQawS0BMBq8Ly7Jl9SUdTNNZI+6g0LkFe0CP+WUT9pTnQctU\n9etnOSzloFjdwlTbacwhv36cwPBipBb3tI8P6K+aNdb0XGBDfM94Z6s5YtvWf/ac\nz/gVa6fTQ5qsC7mj6wnrF5Ms7hBEuyB5wgvecHAJrkbfW+uAdax0QxaVEY4ZRGK/\ngdSGZBfhGrbwQ+zn8d/g3g8R0viW7IOWS6XbjjctGWYKlrg=\n-----END CERTIFICATE-----",
                "common_name": "C=US,O=Google\\, Inc,CN=Google Cloud SQL Server CA,dnQualifier=46685b2f-433e-44fb-8d2e-f69d9221be33",
                "create_time": "2019-09-25T13:16:11.391Z",
                "expiration_time": "2029-09-22T13:17:11.391Z",
                "sha1_fingerprint": "501249017ce6730b84c4d042b84395543a1d3f3e"
              }
            ],
            "service_account_email_address": "p627053805455-wm9dpd@gcp-sa-cloud-sql.iam.gserviceaccount.com",
            "settings": [
              {
                "activation_policy": "ALWAYS",
                "authorized_gae_applications": [],
                "availability_type": "ZONAL",
                "backup_configuration": [
                  {
                    "binary_log_enabled": false,
                    "enabled": false,
                    "start_time": "01:00"
                  }
                ],
                "crash_safe_replication": false,
                "database_flags": [],
                "disk_autoresize": true,
                "disk_size": 10,
                "disk_type": "PD_SSD",
                "ip_configuration": [
                  {
                    "authorized_networks": [
                      {
                        "expiration_time": "",
                        "name": "all",
                        "value": "0.0.0.0/0"
                      }
                    ],
                    "ipv4_enabled": true,
                    "private_network": "",
                    "require_ssl": false
                  }
                ],
                "location_preference": [
                  {
                    "follow_gae_application": "",
                    "zone": "us-central1-a"
                  }
                ],
                "maintenance_window": [],
                "pricing_plan": "PER_USE",
                "replication_type": "SYNCHRONOUS",
                "tier": "db-f1-micro",
                "user_labels": {},
                "version": 1
              }
            ],
            "timeouts": null
          },
          "private": "eyJlMmJmYjczMC1lY2FhLTExZTYtOGY4OC0zNDM2M2JjN2M0YzAiOnsiY3JlYXRlIjoxMjAwMDAwMDAwMDAwLCJkZWxldGUiOjEyMDAwMDAwMDAwMDAsInVwZGF0ZSI6MTIwMDAwMDAwMDAwMH19"
        }
      ]
    },
    {
      "mode": "managed",
      "type": "google_storage_bucket",
      "name": "data_sink",
      "provider": "provider.google",
      "instances": [
        {
          "schema_version": 0,
          "attributes": {
            "bucket_policy_only": false,
            "cors": [],
            "encryption": [],
            "force_destroy": false,
            "id": "thisisadatasinkbucketdonotsteal",
            "labels": {
              "environment": "logging"
            },
            "lifecycle_rule": [],
            "location": "US",
            "logging": [],
            "name": "thisisadatasinkbucketdonotsteal",
            "predefined_acl": null,
            "project": "temp-project-0",
            "requester_pays": false,
            "retention_policy": [],
            "self_link": "https://www.googleapis.com/storage/v1/b/thisisadatasinkbucketdonotsteal",
            "storage_class": "STANDARD",
            "url": "gs://thisisadatasinkbucketdonotsteal",
            "versioning": [],
            "website": []
          },
          "private": "bnVsbA=="
        }
      ]
    },
    {
      "mode": "managed",
      "type": "google_storage_bucket",
      "name": "static_page",
      "provider": "provider.google",
      "instances": [
        {
          "schema_version": 0,
          "attributes": {
            "bucket_policy_only": false,
            "cors": [
              {
                "max_age_seconds": 0,
                "method": [
                  "GET",
                  "OPTIONS"
                ],
                "origin": [
                  "*"
                ],
                "response_header": []
              }
            ],
            "encryption": [],
            "force_destroy": false,
            "id": "thisismystaticbucketdonotsteal",
            "labels": {
              "application": "front",
              "environment": "uat"
            },
            "lifecycle_rule": [],
            "location": "US",
            "logging": [],
            "name": "thisismystaticbucketdonotsteal",
            "predefined_acl": null,
            "project": "temp-project-0",
            "requester_pays": false,
            "retention_policy": [],
            "self_link": "https://www.googleapis.com/storage/v1/b/thisismystaticbucketdonotsteal",
            "storage_class": "STANDARD",
            "url": "gs://thisismystaticbucketdonotsteal",
            "versioning": [],
            "website": []
          },
          "private": "bnVsbA=="
        }
      ]
    },
    {
      "mode": "managed",
      "type": "google_storage_bucket_acl",
      "name": "static_page_acl",
      "provider": "provider.google",
      "instances": [
        {
          "schema_version": 0,
          "attributes": {
            "bucket": "thisismystaticbucketdonotsteal",
            "default_acl": null,
            "id": "thisismystaticbucketdonotsteal-acl",
            "predefined_acl": null,
            "role_entity": [
              "OWNER:project-owners-627053805455",
              "READER:allUsers"
            ]
          },
          "private": "bnVsbA==",
          "depends_on": [
            "google_storage_bucket.static_page"
          ]
        }
      ]
    }
  ]
}
