{
  "version": 4,
  "terraform_version": "0.12.8",
  "serial": 175,
  "lineage": "cd1eae8e-9a3e-6653-7ece-b8fe6490771d",
  "outputs": {},
  "resources": [
    {
      "mode": "data",
      "type": "template_file",
      "name": "jenkins_startup_script",
      "provider": "provider.template",
      "instances": [
        {
          "schema_version": 0,
          "attributes": {
            "filename": null,
            "id": "05fdf60b3ce7a6a1178d8fc164aac6d9ef229c2605f603a7b61f05fb7d7805c1",
            "rendered": "#!/bin/sh\necho UPDATE OS\nsudo yum -y update\n\necho  INSTALL JAVA AND DEVELOPER ENVIRONMENT\nsudo yum -y install java-1.8.0-openjdk\nsudo yum -y install java-1.8.0-openjdk-devel\n\necho INSTALL MAVEN  \nsudo yum -y install maven\n\necho INSTALL DOCKER\ncurl -fsSL https://get.docker.com/ | sh\nsudo systemctl start docker\nsudo systemctl enable docker\n\necho INSTALL JENKINS\ncurl --silent --location http://pkg.jenkins-ci.org/redhat-stable/jenkins.repo | sudo tee /etc/yum.repos.d/jenkins.repo\nsudo rpm --import https://jenkins-ci.org/redhat/jenkins-ci.org.key\nsudo yum -y install jenkins\nsudo systemctl start jenkins\nsudo systemctl enable jenkins\n",
            "template": "#!/bin/sh\necho UPDATE OS\nsudo yum -y update\n\necho  INSTALL JAVA AND DEVELOPER ENVIRONMENT\nsudo yum -y install java-1.8.0-openjdk\nsudo yum -y install java-1.8.0-openjdk-devel\n\necho INSTALL MAVEN  \nsudo yum -y install maven\n\necho INSTALL DOCKER\ncurl -fsSL https://get.docker.com/ | sh\nsudo systemctl start docker\nsudo systemctl enable docker\n\necho INSTALL JENKINS\ncurl --silent --location http://pkg.jenkins-ci.org/redhat-stable/jenkins.repo | sudo tee /etc/yum.repos.d/jenkins.repo\nsudo rpm --import https://jenkins-ci.org/redhat/jenkins-ci.org.key\nsudo yum -y install jenkins\nsudo systemctl start jenkins\nsudo systemctl enable jenkins\n",
            "vars": null
          }
        }
      ]
    },
    {
      "mode": "managed",
      "type": "google_compute_firewall",
      "name": "allow_bastion_firewall",
      "provider": "provider.google",
      "instances": [
        {
          "schema_version": 1,
          "attributes": {
            "allow": [
              {
                "ports": [
                  "22"
                ],
                "protocol": "tcp"
              }
            ],
            "creation_timestamp": "2019-09-19T12:06:59.375-07:00",
            "deny": [],
            "description": "",
            "destination_ranges": [],
            "direction": "INGRESS",
            "disabled": false,
            "id": "allow-bastion-in",
            "name": "allow-bastion-in",
            "network": "https://www.googleapis.com/compute/v1/projects/temp-project-0/global/networks/devops-network",
            "priority": 1,
            "project": "temp-project-0",
            "self_link": "https://www.googleapis.com/compute/v1/projects/temp-project-0/global/firewalls/allow-bastion-in",
            "source_ranges": [],
            "source_service_accounts": null,
            "source_tags": [
              "bastion"
            ],
            "target_service_accounts": null,
            "target_tags": [
              "server"
            ],
            "timeouts": null
          },
          "private": "eyJlMmJmYjczMC1lY2FhLTExZTYtOGY4OC0zNDM2M2JjN2M0YzAiOnsiY3JlYXRlIjoyNDAwMDAwMDAwMDAsImRlbGV0ZSI6MjQwMDAwMDAwMDAwLCJ1cGRhdGUiOjI0MDAwMDAwMDAwMH0sInNjaGVtYV92ZXJzaW9uIjoiMSJ9",
          "depends_on": [
            "google_compute_network.uat_network"
          ]
        }
      ]
    },
    {
      "mode": "managed",
      "type": "google_compute_firewall",
      "name": "allow_http",
      "provider": "provider.google",
      "instances": [
        {
          "schema_version": 1,
          "attributes": {
            "allow": [
              {
                "ports": [
                  "80"
                ],
                "protocol": "tcp"
              }
            ],
            "creation_timestamp": "2019-09-19T12:06:59.281-07:00",
            "deny": [],
            "description": "",
            "destination_ranges": [],
            "direction": "INGRESS",
            "disabled": false,
            "id": "devops-allow-http",
            "name": "devops-allow-http",
            "network": "https://www.googleapis.com/compute/v1/projects/temp-project-0/global/networks/devops-network",
            "priority": 1000,
            "project": "temp-project-0",
            "self_link": "https://www.googleapis.com/compute/v1/projects/temp-project-0/global/firewalls/devops-allow-http",
            "source_ranges": [
              "0.0.0.0/0"
            ],
            "source_service_accounts": null,
            "source_tags": null,
            "target_service_accounts": null,
            "target_tags": [
              "http-server"
            ],
            "timeouts": null
          },
          "private": "eyJlMmJmYjczMC1lY2FhLTExZTYtOGY4OC0zNDM2M2JjN2M0YzAiOnsiY3JlYXRlIjoyNDAwMDAwMDAwMDAsImRlbGV0ZSI6MjQwMDAwMDAwMDAwLCJ1cGRhdGUiOjI0MDAwMDAwMDAwMH0sInNjaGVtYV92ZXJzaW9uIjoiMSJ9",
          "depends_on": [
            "google_compute_network.uat_network"
          ]
        }
      ]
    },
    {
      "mode": "managed",
      "type": "google_compute_firewall",
      "name": "allow_https",
      "provider": "provider.google",
      "instances": [
        {
          "schema_version": 1,
          "attributes": {
            "allow": [
              {
                "ports": [
                  "443"
                ],
                "protocol": "tcp"
              }
            ],
            "creation_timestamp": "2019-09-19T12:06:59.375-07:00",
            "deny": [],
            "description": "",
            "destination_ranges": [],
            "direction": "INGRESS",
            "disabled": false,
            "id": "devops-allow-https",
            "name": "devops-allow-https",
            "network": "https://www.googleapis.com/compute/v1/projects/temp-project-0/global/networks/devops-network",
            "priority": 1000,
            "project": "temp-project-0",
            "self_link": "https://www.googleapis.com/compute/v1/projects/temp-project-0/global/firewalls/devops-allow-https",
            "source_ranges": [
              "0.0.0.0/0"
            ],
            "source_service_accounts": null,
            "source_tags": null,
            "target_service_accounts": null,
            "target_tags": [
              "https-server"
            ],
            "timeouts": null
          },
          "private": "eyJlMmJmYjczMC1lY2FhLTExZTYtOGY4OC0zNDM2M2JjN2M0YzAiOnsiY3JlYXRlIjoyNDAwMDAwMDAwMDAsImRlbGV0ZSI6MjQwMDAwMDAwMDAwLCJ1cGRhdGUiOjI0MDAwMDAwMDAwMH0sInNjaGVtYV92ZXJzaW9uIjoiMSJ9",
          "depends_on": [
            "google_compute_network.uat_network"
          ]
        }
      ]
    },
    {
      "mode": "managed",
      "type": "google_compute_firewall",
      "name": "allow_into_bastion_firewall",
      "provider": "provider.google",
      "instances": [
        {
          "schema_version": 1,
          "attributes": {
            "allow": [
              {
                "ports": [
                  "22"
                ],
                "protocol": "tcp"
              }
            ],
            "creation_timestamp": "2019-09-19T12:06:59.289-07:00",
            "deny": [],
            "description": "",
            "destination_ranges": [],
            "direction": "INGRESS",
            "disabled": false,
            "id": "allow-into-bastion",
            "name": "allow-into-bastion",
            "network": "https://www.googleapis.com/compute/v1/projects/temp-project-0/global/networks/devops-network",
            "priority": 1,
            "project": "temp-project-0",
            "self_link": "https://www.googleapis.com/compute/v1/projects/temp-project-0/global/firewalls/allow-into-bastion",
            "source_ranges": [
              "0.0.0.0/0"
            ],
            "source_service_accounts": null,
            "source_tags": null,
            "target_service_accounts": null,
            "target_tags": [
              "bastion"
            ],
            "timeouts": null
          },
          "private": "eyJlMmJmYjczMC1lY2FhLTExZTYtOGY4OC0zNDM2M2JjN2M0YzAiOnsiY3JlYXRlIjoyNDAwMDAwMDAwMDAsImRlbGV0ZSI6MjQwMDAwMDAwMDAwLCJ1cGRhdGUiOjI0MDAwMDAwMDAwMH0sInNjaGVtYV92ZXJzaW9uIjoiMSJ9",
          "depends_on": [
            "google_compute_network.uat_network"
          ]
        }
      ]
    },
    {
      "mode": "managed",
      "type": "google_compute_firewall",
      "name": "allow_into_jenkins",
      "provider": "provider.google",
      "instances": [
        {
          "schema_version": 1,
          "attributes": {
            "allow": [
              {
                "ports": [
                  "8080"
                ],
                "protocol": "tcp"
              }
            ],
            "creation_timestamp": "2019-09-19T12:06:59.289-07:00",
            "deny": [],
            "description": "",
            "destination_ranges": [],
            "direction": "INGRESS",
            "disabled": false,
            "id": "allow-into-jenkins-server",
            "name": "allow-into-jenkins-server",
            "network": "https://www.googleapis.com/compute/v1/projects/temp-project-0/global/networks/devops-network",
            "priority": 500,
            "project": "temp-project-0",
            "self_link": "https://www.googleapis.com/compute/v1/projects/temp-project-0/global/firewalls/allow-into-jenkins-server",
            "source_ranges": [
              "0.0.0.0/0"
            ],
            "source_service_accounts": null,
            "source_tags": null,
            "target_service_accounts": null,
            "target_tags": [
              "jenkins"
            ],
            "timeouts": null
          },
          "private": "eyJlMmJmYjczMC1lY2FhLTExZTYtOGY4OC0zNDM2M2JjN2M0YzAiOnsiY3JlYXRlIjoyNDAwMDAwMDAwMDAsImRlbGV0ZSI6MjQwMDAwMDAwMDAwLCJ1cGRhdGUiOjI0MDAwMDAwMDAwMH0sInNjaGVtYV92ZXJzaW9uIjoiMSJ9",
          "depends_on": [
            "google_compute_network.uat_network"
          ]
        }
      ]
    },
    {
      "mode": "managed",
      "type": "google_compute_firewall",
      "name": "deny_into_servers_firewall",
      "provider": "provider.google",
      "instances": [
        {
          "schema_version": 1,
          "attributes": {
            "allow": [],
            "creation_timestamp": "2019-09-19T12:06:59.277-07:00",
            "deny": [
              {
                "ports": [
                  "22"
                ],
                "protocol": "tcp"
              }
            ],
            "description": "",
            "destination_ranges": [],
            "direction": "INGRESS",
            "disabled": false,
            "id": "deny-into-servers",
            "name": "deny-into-servers",
            "network": "https://www.googleapis.com/compute/v1/projects/temp-project-0/global/networks/devops-network",
            "priority": 2000,
            "project": "temp-project-0",
            "self_link": "https://www.googleapis.com/compute/v1/projects/temp-project-0/global/firewalls/deny-into-servers",
            "source_ranges": [
              "0.0.0.0/0"
            ],
            "source_service_accounts": null,
            "source_tags": null,
            "target_service_accounts": null,
            "target_tags": [
              "server"
            ],
            "timeouts": null
          },
          "private": "eyJlMmJmYjczMC1lY2FhLTExZTYtOGY4OC0zNDM2M2JjN2M0YzAiOnsiY3JlYXRlIjoyNDAwMDAwMDAwMDAsImRlbGV0ZSI6MjQwMDAwMDAwMDAwLCJ1cGRhdGUiOjI0MDAwMDAwMDAwMH0sInNjaGVtYV92ZXJzaW9uIjoiMSJ9",
          "depends_on": [
            "google_compute_network.uat_network"
          ]
        }
      ]
    },
    {
      "mode": "managed",
      "type": "google_compute_instance",
      "name": "devops_bastion",
      "provider": "provider.google",
      "instances": [
        {
          "schema_version": 6,
          "attributes": {
            "allow_stopping_for_update": true,
            "attached_disk": [],
            "boot_disk": [
              {
                "auto_delete": true,
                "device_name": "persistent-disk-0",
                "disk_encryption_key_raw": "",
                "disk_encryption_key_sha256": "",
                "initialize_params": [
                  {
                    "image": "https://www.googleapis.com/compute/v1/projects/centos-cloud/global/images/centos-7-v20190916",
                    "labels": {},
                    "size": 10,
                    "type": "pd-standard"
                  }
                ],
                "kms_key_self_link": "",
                "source": "https://www.googleapis.com/compute/v1/projects/temp-project-0/zones/us-central1-a/disks/bastion"
              }
            ],
            "can_ip_forward": false,
            "cpu_platform": "Intel Haswell",
            "deletion_protection": false,
            "description": "",
            "disk": [],
            "guest_accelerator": [],
            "hostname": "",
            "id": "bastion",
            "instance_id": "2040338943608516352",
            "label_fingerprint": "42WmSpB8rSM=",
            "labels": null,
            "machine_type": "f1-micro",
            "metadata": null,
            "metadata_fingerprint": "BTYU1M-o7ew=",
            "metadata_startup_script": "",
            "min_cpu_platform": "",
            "name": "bastion",
            "network_interface": [
              {
                "access_config": [
                  {
                    "assigned_nat_ip": "",
                    "nat_ip": "35.208.192.188",
                    "network_tier": "STANDARD",
                    "public_ptr_domain_name": ""
                  }
                ],
                "address": "",
                "alias_ip_range": [],
                "name": "nic0",
                "network": "https://www.googleapis.com/compute/v1/projects/temp-project-0/global/networks/devops-network",
                "network_ip": "192.168.2.2",
                "subnetwork": "https://www.googleapis.com/compute/v1/projects/temp-project-0/regions/us-central1/subnetworks/uat-subnet",
                "subnetwork_project": "temp-project-0"
              }
            ],
            "project": "temp-project-0",
            "scheduling": [
              {
                "automatic_restart": true,
                "node_affinities": [],
                "on_host_maintenance": "MIGRATE",
                "preemptible": false
              }
            ],
            "scratch_disk": [],
            "self_link": "https://www.googleapis.com/compute/v1/projects/temp-project-0/zones/us-central1-a/instances/bastion",
            "service_account": [],
            "shielded_instance_config": [],
            "tags": [
              "bastion"
            ],
            "tags_fingerprint": "NfTTNVh6sLU=",
            "timeouts": null,
            "zone": "us-central1-a"
          },
          "private": "eyJlMmJmYjczMC1lY2FhLTExZTYtOGY4OC0zNDM2M2JjN2M0YzAiOnsiY3JlYXRlIjoxMjAwMDAwMDAwMDAwLCJkZWxldGUiOjEyMDAwMDAwMDAwMDAsInVwZGF0ZSI6MTIwMDAwMDAwMDAwMH0sInNjaGVtYV92ZXJzaW9uIjoiNiJ9",
          "depends_on": [
            "google_compute_subnetwork.uat_subnetwork"
          ]
        }
      ]
    },
    {
      "mode": "managed",
      "type": "google_compute_instance",
      "name": "jenkins_vm",
      "provider": "provider.google",
      "instances": [
        {
          "schema_version": 6,
          "attributes": {
            "allow_stopping_for_update": true,
            "attached_disk": [],
            "boot_disk": [
              {
                "auto_delete": true,
                "device_name": "persistent-disk-0",
                "disk_encryption_key_raw": "",
                "disk_encryption_key_sha256": "",
                "initialize_params": [
                  {
                    "image": "https://www.googleapis.com/compute/v1/projects/centos-cloud/global/images/centos-7-v20190916",
                    "labels": {},
                    "size": 10,
                    "type": "pd-standard"
                  }
                ],
                "kms_key_self_link": "",
                "source": "https://www.googleapis.com/compute/v1/projects/temp-project-0/zones/us-central1-a/disks/jenkins-server"
              }
            ],
            "can_ip_forward": false,
            "cpu_platform": "Intel Haswell",
            "deletion_protection": false,
            "description": "",
            "disk": [],
            "guest_accelerator": [],
            "hostname": "",
            "id": "jenkins-server",
            "instance_id": "8619077742600548096",
            "label_fingerprint": "BytbEPUG4HY=",
            "labels": {
              "environment": "uat"
            },
            "machine_type": "n1-standard-1",
            "metadata": null,
            "metadata_fingerprint": "5gYUaOdqcqg=",
            "metadata_startup_script": "#!/bin/sh\necho UPDATE OS\nsudo yum -y update\n\necho  INSTALL JAVA AND DEVELOPER ENVIRONMENT\nsudo yum -y install java-1.8.0-openjdk\nsudo yum -y install java-1.8.0-openjdk-devel\n\necho INSTALL MAVEN  \nsudo yum -y install maven\n\necho INSTALL DOCKER\ncurl -fsSL https://get.docker.com/ | sh\nsudo systemctl start docker\nsudo systemctl enable docker\n\necho INSTALL JENKINS\ncurl --silent --location http://pkg.jenkins-ci.org/redhat-stable/jenkins.repo | sudo tee /etc/yum.repos.d/jenkins.repo\nsudo rpm --import https://jenkins-ci.org/redhat/jenkins-ci.org.key\nsudo yum -y install jenkins\nsudo systemctl start jenkins\nsudo systemctl enable jenkins\n",
            "min_cpu_platform": "",
            "name": "jenkins-server",
            "network_interface": [
              {
                "access_config": [
                  {
                    "assigned_nat_ip": "",
                    "nat_ip": "35.208.91.157",
                    "network_tier": "STANDARD",
                    "public_ptr_domain_name": ""
                  }
                ],
                "address": "",
                "alias_ip_range": [],
                "name": "nic0",
                "network": "https://www.googleapis.com/compute/v1/projects/temp-project-0/global/networks/devops-network",
                "network_ip": "192.168.2.3",
                "subnetwork": "https://www.googleapis.com/compute/v1/projects/temp-project-0/regions/us-central1/subnetworks/uat-subnet",
                "subnetwork_project": "temp-project-0"
              }
            ],
            "project": "temp-project-0",
            "scheduling": [
              {
                "automatic_restart": true,
                "node_affinities": [],
                "on_host_maintenance": "MIGRATE",
                "preemptible": false
              }
            ],
            "scratch_disk": [],
            "self_link": "https://www.googleapis.com/compute/v1/projects/temp-project-0/zones/us-central1-a/instances/jenkins-server",
            "service_account": [
              {
                "email": "627053805455-compute@developer.gserviceaccount.com",
                "scopes": [
                  "https://www.googleapis.com/auth/cloud-platform"
                ]
              }
            ],
            "shielded_instance_config": [],
            "tags": [
              "http-server",
              "https-server",
              "jenkins",
              "server"
            ],
            "tags_fingerprint": "WX-_R91C4AI=",
            "timeouts": null,
            "zone": "us-central1-a"
          },
          "private": "eyJlMmJmYjczMC1lY2FhLTExZTYtOGY4OC0zNDM2M2JjN2M0YzAiOnsiY3JlYXRlIjoxMjAwMDAwMDAwMDAwLCJkZWxldGUiOjEyMDAwMDAwMDAwMDAsInVwZGF0ZSI6MTIwMDAwMDAwMDAwMH0sInNjaGVtYV92ZXJzaW9uIjoiNiJ9",
          "depends_on": [
            "data.template_file.jenkins_startup_script",
            "google_compute_subnetwork.uat_subnetwork"
          ]
        }
      ]
    },
    {
      "mode": "managed",
      "type": "google_compute_network",
      "name": "uat_network",
      "provider": "provider.google",
      "instances": [
        {
          "schema_version": 0,
          "attributes": {
            "auto_create_subnetworks": false,
            "delete_default_routes_on_create": false,
            "description": "",
            "gateway_ipv4": "",
            "id": "devops-network",
            "ipv4_range": "",
            "name": "devops-network",
            "project": "temp-project-0",
            "routing_mode": "REGIONAL",
            "self_link": "https://www.googleapis.com/compute/v1/projects/temp-project-0/global/networks/devops-network",
            "timeouts": null
          },
          "private": "eyJlMmJmYjczMC1lY2FhLTExZTYtOGY4OC0zNDM2M2JjN2M0YzAiOnsiY3JlYXRlIjoyNDAwMDAwMDAwMDAsImRlbGV0ZSI6MjQwMDAwMDAwMDAwLCJ1cGRhdGUiOjI0MDAwMDAwMDAwMH19"
        }
      ]
    },
    {
      "mode": "managed",
      "type": "google_compute_subnetwork",
      "name": "pipeline_subnetwork",
      "provider": "provider.google",
      "instances": [
        {
          "schema_version": 0,
          "attributes": {
            "creation_timestamp": "2019-09-19T12:06:59.768-07:00",
            "description": "",
            "enable_flow_logs": false,
            "fingerprint": "hxfFqPlpr00=",
            "gateway_address": "192.168.1.1",
            "id": "us-central1/devops-subnet",
            "ip_cidr_range": "192.168.1.0/24",
            "name": "devops-subnet",
            "network": "https://www.googleapis.com/compute/v1/projects/temp-project-0/global/networks/devops-network",
            "private_ip_google_access": false,
            "project": "temp-project-0",
            "region": "us-central1",
            "secondary_ip_range": [],
            "self_link": "https://www.googleapis.com/compute/v1/projects/temp-project-0/regions/us-central1/subnetworks/devops-subnet",
            "timeouts": null
          },
          "private": "eyJlMmJmYjczMC1lY2FhLTExZTYtOGY4OC0zNDM2M2JjN2M0YzAiOnsiY3JlYXRlIjozNjAwMDAwMDAwMDAsImRlbGV0ZSI6MzYwMDAwMDAwMDAwLCJ1cGRhdGUiOjM2MDAwMDAwMDAwMH19",
          "depends_on": [
            "google_compute_network.uat_network"
          ]
        }
      ]
    },
    {
      "mode": "managed",
      "type": "google_compute_subnetwork",
      "name": "uat_subnetwork",
      "provider": "provider.google",
      "instances": [
        {
          "schema_version": 0,
          "attributes": {
            "creation_timestamp": "2019-09-19T12:06:59.676-07:00",
            "description": "",
            "enable_flow_logs": false,
            "fingerprint": "M7afMWkanRk=",
            "gateway_address": "192.168.2.1",
            "id": "us-central1/uat-subnet",
            "ip_cidr_range": "192.168.2.0/24",
            "name": "uat-subnet",
            "network": "https://www.googleapis.com/compute/v1/projects/temp-project-0/global/networks/devops-network",
            "private_ip_google_access": false,
            "project": "temp-project-0",
            "region": "us-central1",
            "secondary_ip_range": [],
            "self_link": "https://www.googleapis.com/compute/v1/projects/temp-project-0/regions/us-central1/subnetworks/uat-subnet",
            "timeouts": null
          },
          "private": "eyJlMmJmYjczMC1lY2FhLTExZTYtOGY4OC0zNDM2M2JjN2M0YzAiOnsiY3JlYXRlIjozNjAwMDAwMDAwMDAsImRlbGV0ZSI6MzYwMDAwMDAwMDAwLCJ1cGRhdGUiOjM2MDAwMDAwMDAwMH19",
          "depends_on": [
            "google_compute_network.uat_network"
          ]
        }
      ]
    },
    {
      "mode": "managed",
      "type": "google_container_node_pool",
      "name": "uat_nodes",
      "provider": "provider.google",
      "instances": []
    },
    {
      "mode": "managed",
      "type": "google_sql_database",
      "name": "database",
      "provider": "provider.google",
      "instances": []
    },
    {
      "mode": "managed",
      "type": "google_sql_user",
      "name": "uat_database_user",
      "provider": "provider.google",
      "instances": []
    }
  ]
}
