{
  "version": 4,
  "terraform_version": "0.12.8",
  "serial": 3,
  "lineage": "b9f15160-41e3-752c-e74a-2a217f6a6a3d",
  "outputs": {},
  "resources": [
    {
      "mode": "managed",
      "type": "google_project_services",
      "name": "project_apis",
      "provider": "provider.google",
      "instances": [
        {
          "schema_version": 0,
          "attributes": {
            "disable_on_destroy": true,
            "id": "pure-courier-254516",
            "project": "pure-courier-254516",
            "services": [
              "clouddebugger.googleapis.com",
              "cloudkms.googleapis.com",
              "cloudprofiler.googleapis.com",
              "cloudresourcemanager.googleapis.com",
              "compute.googleapis.com",
              "container.googleapis.com",
              "containerregistry.googleapis.com",
              "iam.googleapis.com",
              "iamcredentials.googleapis.com",
              "logging.googleapis.com",
              "monitoring.googleapis.com",
              "oslogin.googleapis.com",
              "pubsub.googleapis.com",
              "servicemanagement.googleapis.com",
              "serviceusage.googleapis.com",
              "sqladmin.googleapis.com",
              "stackdriver.googleapis.com",
              "storage-api.googleapis.com",
              "storage-component.googleapis.com"
            ],
            "timeouts": null
          },
          "private": "eyJlMmJmYjczMC1lY2FhLTExZTYtOGY4OC0zNDM2M2JjN2M0YzAiOnsiY3JlYXRlIjoxMjAwMDAwMDAwMDAwLCJkZWxldGUiOjEyMDAwMDAwMDAwMDAsInJlYWQiOjYwMDAwMDAwMDAwMCwidXBkYXRlIjoxMjAwMDAwMDAwMDAwfX0="
        }
      ]
    }
  ]
}
