{
  "version": 4,
  "terraform_version": "0.12.8",
  "serial": 16,
  "lineage": "ad34f4a4-6f59-db3c-6ee3-ab33a4ea62fa",
  "outputs": {},
  "resources": [
    {
      "mode": "managed",
      "type": "google_compute_firewall",
      "name": "allow_bastion_firewall",
      "provider": "provider.google",
      "instances": [
        {
          "schema_version": 1,
          "attributes": {
            "allow": [
              {
                "ports": [
                  "22"
                ],
                "protocol": "tcp"
              }
            ],
            "creation_timestamp": "2019-09-25T10:06:31.969-07:00",
            "deny": [],
            "description": "",
            "destination_ranges": [],
            "direction": "INGRESS",
            "disabled": false,
            "id": "allow-bastion-ssh",
            "name": "allow-bastion-ssh",
            "network": "https://www.googleapis.com/compute/v1/projects/p3-patient-onboarding/global/networks/default",
            "priority": 500,
            "project": "p3-patient-onboarding",
            "self_link": "https://www.googleapis.com/compute/v1/projects/p3-patient-onboarding/global/firewalls/allow-bastion-ssh",
            "source_ranges": [],
            "source_service_accounts": [],
            "source_tags": [
              "bastion"
            ],
            "target_service_accounts": [],
            "target_tags": [
              "internal"
            ],
            "timeouts": {
              "create": null,
              "delete": null,
              "update": null
            }
          },
          "private": "eyJlMmJmYjczMC1lY2FhLTExZTYtOGY4OC0zNDM2M2JjN2M0YzAiOnsiY3JlYXRlIjoyNDAwMDAwMDAwMDAsImRlbGV0ZSI6MjQwMDAwMDAwMDAwLCJ1cGRhdGUiOjI0MDAwMDAwMDAwMH0sInNjaGVtYV92ZXJzaW9uIjoiMSJ9"
        }
      ]
    },
    {
      "mode": "managed",
      "type": "google_compute_firewall",
      "name": "allow_http",
      "provider": "provider.google",
      "instances": [
        {
          "schema_version": 1,
          "attributes": {
            "allow": [
              {
                "ports": [
                  "80"
                ],
                "protocol": "tcp"
              }
            ],
            "creation_timestamp": "2019-09-17T06:07:36.287-07:00",
            "deny": [],
            "description": "",
            "destination_ranges": [],
            "direction": "INGRESS",
            "disabled": false,
            "id": "default-allow-http",
            "name": "default-allow-http",
            "network": "https://www.googleapis.com/compute/v1/projects/p3-patient-onboarding/global/networks/default",
            "priority": 1000,
            "project": "p3-patient-onboarding",
            "self_link": "https://www.googleapis.com/compute/v1/projects/p3-patient-onboarding/global/firewalls/default-allow-http",
            "source_ranges": [
              "0.0.0.0/0"
            ],
            "source_service_accounts": [],
            "source_tags": [],
            "target_service_accounts": [],
            "target_tags": [
              "http-server"
            ],
            "timeouts": {
              "create": null,
              "delete": null,
              "update": null
            }
          },
          "private": "eyJlMmJmYjczMC1lY2FhLTExZTYtOGY4OC0zNDM2M2JjN2M0YzAiOnsiY3JlYXRlIjoyNDAwMDAwMDAwMDAsImRlbGV0ZSI6MjQwMDAwMDAwMDAwLCJ1cGRhdGUiOjI0MDAwMDAwMDAwMH0sInNjaGVtYV92ZXJzaW9uIjoiMSJ9"
        }
      ]
    },
    {
      "mode": "managed",
      "type": "google_compute_firewall",
      "name": "allow_https",
      "provider": "provider.google",
      "instances": [
        {
          "schema_version": 1,
          "attributes": {
            "allow": [
              {
                "ports": [
                  "443"
                ],
                "protocol": "tcp"
              }
            ],
            "creation_timestamp": "2019-09-17T06:07:36.922-07:00",
            "deny": [],
            "description": "",
            "destination_ranges": [],
            "direction": "INGRESS",
            "disabled": false,
            "id": "default-allow-https",
            "name": "default-allow-https",
            "network": "https://www.googleapis.com/compute/v1/projects/p3-patient-onboarding/global/networks/default",
            "priority": 1000,
            "project": "p3-patient-onboarding",
            "self_link": "https://www.googleapis.com/compute/v1/projects/p3-patient-onboarding/global/firewalls/default-allow-https",
            "source_ranges": [
              "0.0.0.0/0"
            ],
            "source_service_accounts": [],
            "source_tags": [],
            "target_service_accounts": [],
            "target_tags": [
              "https-server"
            ],
            "timeouts": {
              "create": null,
              "delete": null,
              "update": null
            }
          },
          "private": "eyJlMmJmYjczMC1lY2FhLTExZTYtOGY4OC0zNDM2M2JjN2M0YzAiOnsiY3JlYXRlIjoyNDAwMDAwMDAwMDAsImRlbGV0ZSI6MjQwMDAwMDAwMDAwLCJ1cGRhdGUiOjI0MDAwMDAwMDAwMH0sInNjaGVtYV92ZXJzaW9uIjoiMSJ9"
        }
      ]
    },
    {
      "mode": "managed",
      "type": "google_compute_firewall",
      "name": "allow_into_bastion_firewall",
      "provider": "provider.google",
      "instances": [
        {
          "schema_version": 1,
          "attributes": {
            "allow": [
              {
                "ports": [
                  "22"
                ],
                "protocol": "tcp"
              }
            ],
            "creation_timestamp": "2019-09-27T08:44:47.823-07:00",
            "deny": [],
            "description": "",
            "destination_ranges": [],
            "direction": "INGRESS",
            "disabled": false,
            "id": "allow-into-bastion",
            "name": "allow-into-bastion",
            "network": "https://www.googleapis.com/compute/v1/projects/p3-patient-onboarding/global/networks/default",
            "priority": 500,
            "project": "p3-patient-onboarding",
            "self_link": "https://www.googleapis.com/compute/v1/projects/p3-patient-onboarding/global/firewalls/allow-into-bastion",
            "source_ranges": [
              "0.0.0.0/0"
            ],
            "source_service_accounts": [],
            "source_tags": [],
            "target_service_accounts": [],
            "target_tags": [
              "bastion"
            ],
            "timeouts": {
              "create": null,
              "delete": null,
              "update": null
            }
          },
          "private": "eyJlMmJmYjczMC1lY2FhLTExZTYtOGY4OC0zNDM2M2JjN2M0YzAiOnsiY3JlYXRlIjoyNDAwMDAwMDAwMDAsImRlbGV0ZSI6MjQwMDAwMDAwMDAwLCJ1cGRhdGUiOjI0MDAwMDAwMDAwMH0sInNjaGVtYV92ZXJzaW9uIjoiMSJ9"
        }
      ]
    },
    {
      "mode": "managed",
      "type": "google_compute_firewall",
      "name": "allow_into_jenkins",
      "provider": "provider.google",
      "instances": [
        {
          "schema_version": 1,
          "attributes": {
            "allow": [
              {
                "ports": [
                  "8080"
                ],
                "protocol": "tcp"
              }
            ],
            "creation_timestamp": "2019-09-17T06:17:08.933-07:00",
            "deny": [],
            "description": "",
            "destination_ranges": [],
            "direction": "INGRESS",
            "disabled": false,
            "id": "allow-jenkins-server",
            "name": "allow-jenkins-server",
            "network": "https://www.googleapis.com/compute/v1/projects/p3-patient-onboarding/global/networks/default",
            "priority": 10,
            "project": "p3-patient-onboarding",
            "self_link": "https://www.googleapis.com/compute/v1/projects/p3-patient-onboarding/global/firewalls/allow-jenkins-server",
            "source_ranges": [
              "0.0.0.0/0"
            ],
            "source_service_accounts": [],
            "source_tags": [],
            "target_service_accounts": [],
            "target_tags": [
              "jenkins-server"
            ],
            "timeouts": {
              "create": null,
              "delete": null,
              "update": null
            }
          },
          "private": "eyJlMmJmYjczMC1lY2FhLTExZTYtOGY4OC0zNDM2M2JjN2M0YzAiOnsiY3JlYXRlIjoyNDAwMDAwMDAwMDAsImRlbGV0ZSI6MjQwMDAwMDAwMDAwLCJ1cGRhdGUiOjI0MDAwMDAwMDAwMH0sInNjaGVtYV92ZXJzaW9uIjoiMSJ9"
        }
      ]
    },
    {
      "mode": "managed",
      "type": "google_compute_firewall",
      "name": "deny_into_servers_firewall",
      "provider": "provider.google",
      "instances": [
        {
          "schema_version": 1,
          "attributes": {
            "allow": [],
            "creation_timestamp": "2019-09-25T10:05:28.235-07:00",
            "deny": [
              {
                "ports": [
                  "22"
                ],
                "protocol": "tcp"
              }
            ],
            "description": "",
            "destination_ranges": [],
            "direction": "INGRESS",
            "disabled": false,
            "id": "deny-ssh-internal",
            "name": "deny-ssh-internal",
            "network": "https://www.googleapis.com/compute/v1/projects/p3-patient-onboarding/global/networks/default",
            "priority": 1000,
            "project": "p3-patient-onboarding",
            "self_link": "https://www.googleapis.com/compute/v1/projects/p3-patient-onboarding/global/firewalls/deny-ssh-internal",
            "source_ranges": [
              "0.0.0.0/0"
            ],
            "source_service_accounts": [],
            "source_tags": [],
            "target_service_accounts": [],
            "target_tags": [
              "internal"
            ],
            "timeouts": {
              "create": null,
              "delete": null,
              "update": null
            }
          },
          "private": "eyJlMmJmYjczMC1lY2FhLTExZTYtOGY4OC0zNDM2M2JjN2M0YzAiOnsiY3JlYXRlIjoyNDAwMDAwMDAwMDAsImRlbGV0ZSI6MjQwMDAwMDAwMDAwLCJ1cGRhdGUiOjI0MDAwMDAwMDAwMH0sInNjaGVtYV92ZXJzaW9uIjoiMSJ9"
        }
      ]
    },
    {
      "mode": "managed",
      "type": "google_compute_instance",
      "name": "devops_bastion",
      "provider": "provider.google",
      "instances": [
        {
          "schema_version": 6,
          "attributes": {
            "allow_stopping_for_update": null,
            "attached_disk": [],
            "boot_disk": [
              {
                "auto_delete": true,
                "device_name": "emperor-joubert",
                "disk_encryption_key_raw": "",
                "disk_encryption_key_sha256": "",
                "initialize_params": [
                  {
                    "image": "https://www.googleapis.com/compute/v1/projects/centos-cloud/global/images/centos-7-v20190916",
                    "labels": {},
                    "size": 10,
                    "type": "pd-standard"
                  }
                ],
                "kms_key_self_link": "",
                "source": "https://www.googleapis.com/compute/v1/projects/p3-patient-onboarding/zones/us-central1-a/disks/emperor-joubert"
              }
            ],
            "can_ip_forward": false,
            "cpu_platform": "Intel Haswell",
            "deletion_protection": false,
            "description": null,
            "disk": [],
            "guest_accelerator": [],
            "hostname": "",
            "id": "emperor-joubert",
            "instance_id": "4832445239403094898",
            "label_fingerprint": "4fh78YTwuxM=",
            "labels": {
              "name": "emperor-joubert"
            },
            "machine_type": "f1-micro",
            "metadata": {},
            "metadata_fingerprint": "aUZGha-th48=",
            "metadata_startup_script": "",
            "min_cpu_platform": "",
            "name": "emperor-joubert",
            "network_interface": [
              {
                "access_config": [
                  {
                    "assigned_nat_ip": "",
                    "nat_ip": "34.69.152.143",
                    "network_tier": "PREMIUM",
                    "public_ptr_domain_name": ""
                  }
                ],
                "address": "",
                "alias_ip_range": [],
                "name": "nic0",
                "network": "https://www.googleapis.com/compute/v1/projects/p3-patient-onboarding/global/networks/default",
                "network_ip": "10.128.0.27",
                "subnetwork": "https://www.googleapis.com/compute/v1/projects/p3-patient-onboarding/regions/us-central1/subnetworks/default",
                "subnetwork_project": "p3-patient-onboarding"
              }
            ],
            "project": "p3-patient-onboarding",
            "scheduling": [
              {
                "automatic_restart": true,
                "node_affinities": [],
                "on_host_maintenance": "MIGRATE",
                "preemptible": false
              }
            ],
            "scratch_disk": [],
            "self_link": "https://www.googleapis.com/compute/v1/projects/p3-patient-onboarding/zones/us-central1-a/instances/emperor-joubert",
            "service_account": [
              {
                "email": "844652266025-compute@developer.gserviceaccount.com",
                "scopes": [
                  "https://www.googleapis.com/auth/cloud-platform"
                ]
              }
            ],
            "shielded_instance_config": [],
            "tags": [
              "bastion"
            ],
            "tags_fingerprint": "NfTTNVh6sLU=",
            "timeouts": {
              "create": null,
              "delete": null,
              "update": null
            },
            "zone": "us-central1-a"
          },
          "private": "eyJlMmJmYjczMC1lY2FhLTExZTYtOGY4OC0zNDM2M2JjN2M0YzAiOnsiY3JlYXRlIjoxMjAwMDAwMDAwMDAwLCJkZWxldGUiOjEyMDAwMDAwMDAwMDAsInVwZGF0ZSI6MTIwMDAwMDAwMDAwMH0sInNjaGVtYV92ZXJzaW9uIjoiNiJ9"
        }
      ]
    },
    {
      "mode": "managed",
      "type": "google_compute_instance",
      "name": "jenkins_vm",
      "provider": "provider.google",
      "instances": [
        {
          "schema_version": 6,
          "attributes": {
            "allow_stopping_for_update": null,
            "attached_disk": [],
            "boot_disk": [
              {
                "auto_delete": true,
                "device_name": "bigger-better-jenkins-instance-the-return",
                "disk_encryption_key_raw": "",
                "disk_encryption_key_sha256": "",
                "initialize_params": [
                  {
                    "image": "https://www.googleapis.com/compute/v1/projects/centos-cloud/global/images/centos-7-v20190905",
                    "labels": {},
                    "size": 20,
                    "type": "pd-standard"
                  }
                ],
                "kms_key_self_link": "",
                "source": "https://www.googleapis.com/compute/v1/projects/p3-patient-onboarding/zones/us-central1-a/disks/bigger-better-jenkins-instance-the-return"
              }
            ],
            "can_ip_forward": false,
            "cpu_platform": "Intel Haswell",
            "deletion_protection": false,
            "description": null,
            "disk": [],
            "guest_accelerator": [],
            "hostname": "",
            "id": "bigger-better-jenkins-instance-the-return",
            "instance_id": "2045440119215580256",
            "label_fingerprint": "42WmSpB8rSM=",
            "labels": {},
            "machine_type": "n1-standard-1",
            "metadata": {},
            "metadata_fingerprint": "aUZGha-th48=",
            "metadata_startup_script": "",
            "min_cpu_platform": "",
            "name": "bigger-better-jenkins-instance-the-return",
            "network_interface": [
              {
                "access_config": [
                  {
                    "assigned_nat_ip": "",
                    "nat_ip": "34.69.151.108",
                    "network_tier": "PREMIUM",
                    "public_ptr_domain_name": ""
                  }
                ],
                "address": "",
                "alias_ip_range": [],
                "name": "nic0",
                "network": "https://www.googleapis.com/compute/v1/projects/p3-patient-onboarding/global/networks/default",
                "network_ip": "10.128.0.2",
                "subnetwork": "https://www.googleapis.com/compute/v1/projects/p3-patient-onboarding/regions/us-central1/subnetworks/default",
                "subnetwork_project": "p3-patient-onboarding"
              }
            ],
            "project": "p3-patient-onboarding",
            "scheduling": [
              {
                "automatic_restart": true,
                "node_affinities": [],
                "on_host_maintenance": "MIGRATE",
                "preemptible": false
              }
            ],
            "scratch_disk": [],
            "self_link": "https://www.googleapis.com/compute/v1/projects/p3-patient-onboarding/zones/us-central1-a/instances/bigger-better-jenkins-instance-the-return",
            "service_account": [
              {
                "email": "844652266025-compute@developer.gserviceaccount.com",
                "scopes": [
                  "https://www.googleapis.com/auth/cloud-platform"
                ]
              }
            ],
            "shielded_instance_config": [],
            "tags": [
              "http-server",
              "https-server",
              "internal",
              "jenkins-server"
            ],
            "tags_fingerprint": "DOWm0O9LDec=",
            "timeouts": {
              "create": null,
              "delete": null,
              "update": null
            },
            "zone": "us-central1-a"
          },
          "private": "eyJlMmJmYjczMC1lY2FhLTExZTYtOGY4OC0zNDM2M2JjN2M0YzAiOnsiY3JlYXRlIjoxMjAwMDAwMDAwMDAwLCJkZWxldGUiOjEyMDAwMDAwMDAwMDAsInVwZGF0ZSI6MTIwMDAwMDAwMDAwMH0sInNjaGVtYV92ZXJzaW9uIjoiNiJ9"
        }
      ]
    },
    {
      "mode": "managed",
      "type": "google_container_cluster",
      "name": "uat_cluster",
      "provider": "provider.google",
      "instances": [
        {
          "schema_version": 1,
          "attributes": {
            "additional_zones": [],
            "addons_config": [
              {
                "horizontal_pod_autoscaling": [],
                "http_load_balancing": [],
                "kubernetes_dashboard": [
                  {
                    "disabled": true
                  }
                ],
                "network_policy_config": [
                  {
                    "disabled": true
                  }
                ]
              }
            ],
            "cluster_autoscaling": [],
            "cluster_ipv4_cidr": "10.28.0.0/14",
            "description": "",
            "enable_binary_authorization": null,
            "enable_intranode_visibility": null,
            "enable_kubernetes_alpha": false,
            "enable_legacy_abac": false,
            "enable_tpu": null,
            "endpoint": "35.239.236.243",
            "id": "uat-cluster",
            "initial_node_count": 0,
            "instance_group_urls": [
              "https://www.googleapis.com/compute/v1/projects/p3-patient-onboarding/zones/us-central1-a/instanceGroups/gke-uat-cluster-uat-node-pool-134a63d0-grp"
            ],
            "ip_allocation_policy": [],
            "location": "us-central1-a",
            "logging_service": "logging.googleapis.com",
            "maintenance_policy": [],
            "master_auth": [
              {
                "client_certificate": "",
                "client_certificate_config": [
                  {
                    "issue_client_certificate": false
                  }
                ],
                "client_key": "",
                "cluster_ca_certificate": "LS0tLS1CRUdJTiBDRVJUSUZJQ0FURS0tLS0tCk1JSURDekNDQWZPZ0F3SUJBZ0lRYnd2YkU4RlF2NGl3M29jUWttMitqakFOQmdrcWhraUc5dzBCQVFzRkFEQXYKTVMwd0t3WURWUVFERXlSalpqWXhaR0ppWXkxalpHUTVMVFJpWkRrdFlqVm1OaTAwTlRCak56WmpOakl3TmpBdwpIaGNOTVRrd09USXdNVFl6T0RReVdoY05NalF3T1RFNE1UY3pPRFF5V2pBdk1TMHdLd1lEVlFRREV5Umpaall4ClpHSmlZeTFqWkdRNUxUUmlaRGt0WWpWbU5pMDBOVEJqTnpaak5qSXdOakF3Z2dFaU1BMEdDU3FHU0liM0RRRUIKQVFVQUE0SUJEd0F3Z2dFS0FvSUJBUUNwRDdKZTdXMGtwOUdoRjQ1ZjZ4THFkaEZQR0p2S0hZV1dMTHI1VjhodgpwWklrd2F5bHdxUmJHbDR3WHh2bGZFSWU4Ym5UZnp6cXVLNVdHd1Vvc2F0eUxKblhMZnMzZnFtWGJSRnZ5ZjZkCkZQUlVOZmxoN2c4ZXJ5MXR1NDNYd0w5VzV1bzNsK3lJcmJRMEpST2x3TVQxZDFOeDZiM3lPc0E3OWhHRHFGVWcKdmtPYUVkZHhkZElDNnlWS3R0NlpQSFF6S1ZER2tXRDdCU1RBYWFENlpWb0haOU01eHJ3QWJlVWpqTHo5ZXc3Zwp6cC9YWlFGeHlXa0plMjZkaXlNd3RaN3BmOWZxR2xVNHRmTUR4NGxXWjh2VjJNVXZ1U0g2ZHlEN1p0RDNOekJzCjFZOUlRZ1c0ZmtRQmd2QitPdzBGY0kwUVA0RUNnZzdQM0FsSkp0bi8vbE5uQWdNQkFBR2pJekFoTUE0R0ExVWQKRHdFQi93UUVBd0lDQkRBUEJnTlZIUk1CQWY4RUJUQURBUUgvTUEwR0NTcUdTSWIzRFFFQkN3VUFBNElCQVFCeQp5OVNjRVo1emxZZTd6WXU0Z2R0OVVaUFFuYWJPTkExOS92ZkQ5c3o3blUyM2RQcStqSVdTUEs2K2ZlUjlJaVgrCkt5ekVFUWk5TkMvcnhiZGI1SG9uamVYdmRzTzhiZUJHSWlSUzU0UFBBUnhMd3V2YlVzN2lHRHlsQjJCNlVJYlcKcWRpSEs3b2JRT1NZTkNwenlwY2NzM1dkSnh1LzZFSENYa0JpSlQvdXlLL1UwYWpMcGFQT3psZlpFaElGN1ROYQpGK3oyYW9GVG04Vm81SWE0dTFhd3pVdHhjR3Y4dGdCbVJDVE5pTmNHTmZYZDIyZzQ3N0FUeTZFa2lxTDl3SVVwCnpFNjd2KzgxZDRXcGlZaEZNWUxBMW1YaEh3QnJBNzlVSVV5b0l5MXdVVDUydUthVzlETjBmTTN0aVliLytDODAKNkpHc3JoankxKzFoSy8yOTE3T1gKLS0tLS1FTkQgQ0VSVElGSUNBVEUtLS0tLQo=",
                "password": "",
                "username": ""
              }
            ],
            "master_authorized_networks_config": [],
            "master_version": "1.13.7-gke.8",
            "min_master_version": null,
            "monitoring_service": "monitoring.googleapis.com",
            "name": "uat-cluster",
            "network": "projects/p3-patient-onboarding/global/networks/default",
            "network_policy": [
              {
                "enabled": false,
                "provider": "PROVIDER_UNSPECIFIED"
              }
            ],
            "node_config": [
              {
                "disk_size_gb": 100,
                "disk_type": "pd-standard",
                "guest_accelerator": [],
                "image_type": "COS",
                "labels": {},
                "local_ssd_count": 0,
                "machine_type": "g1-small",
                "metadata": {
                  "disable-legacy-endpoints": "true"
                },
                "min_cpu_platform": "",
                "oauth_scopes": [
                  "https://www.googleapis.com/auth/devstorage.read_only",
                  "https://www.googleapis.com/auth/logging.write",
                  "https://www.googleapis.com/auth/monitoring"
                ],
                "preemptible": false,
                "sandbox_config": [],
                "service_account": "default",
                "tags": [],
                "taint": [],
                "workload_metadata_config": []
              }
            ],
            "node_locations": [],
            "node_pool": [
              {
                "autoscaling": [],
                "initial_node_count": 1,
                "instance_group_urls": [
                  "https://www.googleapis.com/compute/v1/projects/p3-patient-onboarding/zones/us-central1-a/instanceGroupManagers/gke-uat-cluster-uat-node-pool-134a63d0-grp"
                ],
                "management": [
                  {
                    "auto_repair": true,
                    "auto_upgrade": false
                  }
                ],
                "max_pods_per_node": 0,
                "name": "uat-node-pool",
                "name_prefix": "",
                "node_config": [
                  {
                    "disk_size_gb": 100,
                    "disk_type": "pd-standard",
                    "guest_accelerator": [],
                    "image_type": "COS",
                    "labels": {},
                    "local_ssd_count": 0,
                    "machine_type": "g1-small",
                    "metadata": {
                      "disable-legacy-endpoints": "true"
                    },
                    "min_cpu_platform": "",
                    "oauth_scopes": [
                      "https://www.googleapis.com/auth/devstorage.read_only",
                      "https://www.googleapis.com/auth/logging.write",
                      "https://www.googleapis.com/auth/monitoring"
                    ],
                    "preemptible": false,
                    "sandbox_config": [],
                    "service_account": "default",
                    "tags": [],
                    "taint": [],
                    "workload_metadata_config": []
                  }
                ],
                "node_count": 1,
                "version": "1.13.7-gke.8"
              }
            ],
            "node_version": "1.13.7-gke.8",
            "pod_security_policy_config": [],
            "private_cluster_config": [],
            "project": "p3-patient-onboarding",
            "region": null,
            "remove_default_node_pool": null,
            "resource_labels": {},
            "services_ipv4_cidr": "10.31.240.0/20",
            "subnetwork": "projects/p3-patient-onboarding/regions/us-central1/subnetworks/default",
            "timeouts": {
              "create": null,
              "delete": null,
              "update": null
            },
            "zone": "us-central1-a"
          },
          "private": "eyJlMmJmYjczMC1lY2FhLTExZTYtOGY4OC0zNDM2M2JjN2M0YzAiOnsiY3JlYXRlIjoxODAwMDAwMDAwMDAwLCJkZWxldGUiOjE4MDAwMDAwMDAwMDAsInVwZGF0ZSI6MzYwMDAwMDAwMDAwMH0sInNjaGVtYV92ZXJzaW9uIjoiMSJ9"
        }
      ]
    },
    {
      "mode": "managed",
      "type": "google_container_node_pool",
      "name": "uat_nodes",
      "provider": "provider.google",
      "instances": [
        {
          "schema_version": 1,
          "attributes": {
            "autoscaling": [],
            "cluster": "uat-cluster",
            "id": "us-central1-a/uat-cluster/uat-node-pool",
            "initial_node_count": 1,
            "instance_group_urls": [
              "https://www.googleapis.com/compute/v1/projects/p3-patient-onboarding/zones/us-central1-a/instanceGroupManagers/gke-uat-cluster-uat-node-pool-134a63d0-grp"
            ],
            "location": "us-central1-a",
            "management": [
              {
                "auto_repair": true,
                "auto_upgrade": false
              }
            ],
            "max_pods_per_node": null,
            "name": "uat-node-pool",
            "name_prefix": "",
            "node_config": [
              {
                "disk_size_gb": 100,
                "disk_type": "pd-standard",
                "guest_accelerator": [],
                "image_type": "COS",
                "labels": {},
                "local_ssd_count": 0,
                "machine_type": "g1-small",
                "metadata": {
                  "disable-legacy-endpoints": "true"
                },
                "min_cpu_platform": "",
                "oauth_scopes": [
                  "https://www.googleapis.com/auth/devstorage.read_only",
                  "https://www.googleapis.com/auth/logging.write",
                  "https://www.googleapis.com/auth/monitoring"
                ],
                "preemptible": false,
                "sandbox_config": [],
                "service_account": "default",
                "tags": [],
                "taint": [],
                "workload_metadata_config": []
              }
            ],
            "node_count": 1,
            "project": "p3-patient-onboarding",
            "region": null,
            "timeouts": {
              "create": null,
              "delete": null,
              "update": null
            },
            "version": "1.13.7-gke.8",
            "zone": "us-central1-a"
          },
          "private": "eyJlMmJmYjczMC1lY2FhLTExZTYtOGY4OC0zNDM2M2JjN2M0YzAiOnsiY3JlYXRlIjoxODAwMDAwMDAwMDAwLCJkZWxldGUiOjYwMDAwMDAwMDAwMCwidXBkYXRlIjo2MDAwMDAwMDAwMDB9LCJzY2hlbWFfdmVyc2lvbiI6IjEifQ=="
        }
      ]
    },
    {
      "mode": "managed",
      "type": "google_logging_project_sink",
      "name": "logging_sink",
      "provider": "provider.google",
      "instances": [
        {
          "schema_version": 0,
          "attributes": {
            "destination": "storage.googleapis.com/p3-logging-bucket",
            "filter": "resource.type=\"cloudsql_database\"\nresource.labels.database_id=\"p3-patient-onboarding:project3-database\"",
            "id": "projects/p3-patient-onboarding/sinks/P3-project-logs",
            "name": "P3-project-logs",
            "project": "p3-patient-onboarding",
            "unique_writer_identity": true,
            "writer_identity": "serviceAccount:p844652266025-644137@gcp-sa-logging.iam.gserviceaccount.com"
          },
          "private": "eyJzY2hlbWFfdmVyc2lvbiI6IjAifQ=="
        }
      ]
    },
    {
      "mode": "managed",
      "type": "google_project",
      "name": "patient_onboarding",
      "provider": "provider.google",
      "instances": [
        {
          "schema_version": 1,
          "attributes": {
            "app_engine": [],
            "auto_create_network": true,
            "billing_account": null,
            "folder_id": null,
            "id": "p3-patient-onboarding",
            "labels": {},
            "name": "P3 Patient Onboarding",
            "number": "844652266025",
            "org_id": null,
            "policy_data": null,
            "policy_etag": null,
            "project_id": "p3-patient-onboarding",
            "skip_delete": null
          },
          "private": "eyJzY2hlbWFfdmVyc2lvbiI6IjEifQ=="
        }
      ]
    },
    {
      "mode": "managed",
      "type": "google_project_services",
      "name": "project_apis",
      "provider": "provider.google",
      "instances": [
        {
          "schema_version": 0,
          "attributes": {
            "disable_on_destroy": null,
            "id": "p3-patient-onboarding",
            "project": "p3-patient-onboarding",
            "services": [
              "bigquery-json.googleapis.com",
              "bigquery.googleapis.com",
              "bigquerystorage.googleapis.com",
              "cloudapis.googleapis.com",
              "cloudbuild.googleapis.com",
              "clouddebugger.googleapis.com",
              "cloudfunctions.googleapis.com",
              "cloudresourcemanager.googleapis.com",
              "cloudtrace.googleapis.com",
              "compute.googleapis.com",
              "container.googleapis.com",
              "containerregistry.googleapis.com",
              "datastore.googleapis.com",
              "iam.googleapis.com",
              "iamcredentials.googleapis.com",
              "iap.googleapis.com",
              "logging.googleapis.com",
              "monitoring.googleapis.com",
              "oslogin.googleapis.com",
              "pubsub.googleapis.com",
              "servicemanagement.googleapis.com",
              "serviceusage.googleapis.com",
              "sourcerepo.googleapis.com",
              "sql-component.googleapis.com",
              "sqladmin.googleapis.com",
              "stackdriver.googleapis.com",
              "storage-api.googleapis.com",
              "storage-component.googleapis.com"
            ],
            "timeouts": {
              "create": null,
              "delete": null,
              "read": null,
              "update": null
            }
          },
          "private": "eyJlMmJmYjczMC1lY2FhLTExZTYtOGY4OC0zNDM2M2JjN2M0YzAiOnsiY3JlYXRlIjoxMjAwMDAwMDAwMDAwLCJkZWxldGUiOjEyMDAwMDAwMDAwMDAsInJlYWQiOjYwMDAwMDAwMDAwMCwidXBkYXRlIjoxMjAwMDAwMDAwMDAwfSwic2NoZW1hX3ZlcnNpb24iOiIwIn0="
        }
      ]
    },
    {
      "mode": "managed",
      "type": "google_sql_database",
      "name": "database",
      "provider": "provider.google",
      "instances": [
        {
          "schema_version": 0,
          "attributes": {
            "charset": "UTF8",
            "collation": "en_US.UTF8",
            "id": "project3-database:postgres",
            "instance": "project3-database",
            "name": "postgres",
            "project": "p3-patient-onboarding",
            "self_link": "https://www.googleapis.com/sql/v1beta4/projects/p3-patient-onboarding/instances/project3-database/databases/postgres",
            "timeouts": {
              "create": null,
              "delete": null,
              "update": null
            }
          },
          "private": "eyJlMmJmYjczMC1lY2FhLTExZTYtOGY4OC0zNDM2M2JjN2M0YzAiOnsiY3JlYXRlIjo5MDAwMDAwMDAwMDAsImRlbGV0ZSI6NjAwMDAwMDAwMDAwLCJ1cGRhdGUiOjYwMDAwMDAwMDAwMH0sInNjaGVtYV92ZXJzaW9uIjoiMCJ9"
        }
      ]
    },
    {
      "mode": "managed",
      "type": "google_storage_bucket",
      "name": "data_sink",
      "provider": "provider.google",
      "instances": [
        {
          "schema_version": 0,
          "attributes": {
            "bucket_policy_only": false,
            "cors": [],
            "encryption": [],
            "force_destroy": false,
            "id": "p3-logging-bucket",
            "labels": {},
            "lifecycle_rule": [],
            "location": "US",
            "logging": [],
            "name": "p3-logging-bucket",
            "predefined_acl": null,
            "project": "p3-patient-onboarding",
            "requester_pays": false,
            "retention_policy": [
              {
                "is_locked": false,
                "retention_period": 2592000
              }
            ],
            "self_link": "https://www.googleapis.com/storage/v1/b/p3-logging-bucket",
            "storage_class": "STANDARD",
            "url": "gs://p3-logging-bucket",
            "versioning": [],
            "website": []
          },
          "private": "eyJzY2hlbWFfdmVyc2lvbiI6IjAifQ=="
        }
      ]
    },
    {
      "mode": "managed",
      "type": "google_storage_bucket",
      "name": "static_page",
      "provider": "provider.google",
      "instances": [
        {
          "schema_version": 0,
          "attributes": {
            "bucket_policy_only": false,
            "cors": [
              {
                "max_age_seconds": 3600,
                "method": [
                  "GET",
                  "HEAD",
                  "DELETE"
                ],
                "origin": [
                  "*"
                ],
                "response_header": [
                  "Content-Type"
                ]
              }
            ],
            "encryption": [],
            "force_destroy": false,
            "id": "patient-onboarding-test",
            "labels": {},
            "lifecycle_rule": [],
            "location": "US",
            "logging": [],
            "name": "patient-onboarding-test",
            "predefined_acl": null,
            "project": "p3-patient-onboarding",
            "requester_pays": false,
            "retention_policy": [],
            "self_link": "https://www.googleapis.com/storage/v1/b/patient-onboarding-test",
            "storage_class": "STANDARD",
            "url": "gs://patient-onboarding-test",
            "versioning": [],
            "website": []
          },
          "private": "eyJzY2hlbWFfdmVyc2lvbiI6IjAifQ=="
        }
      ]
    }
  ]
}
